// !$*UTF8*$!
{
	archiveVersion = 1;
	classes = {
	};
	objectVersion = 56;
	objects = {

/* Begin PBXBuildFile section */
		BF1E66462CABE396001C48E9 /* UserDefaults+Extension.swift in Sources */ = {isa = PBXBuildFile; fileRef = BF1E66452CABE396001C48E9 /* UserDefaults+Extension.swift */; };
		BF1E66482CABF95A001C48E9 /* ProfileRepository.swift in Sources */ = {isa = PBXBuildFile; fileRef = BF1E66472CABF95A001C48E9 /* ProfileRepository.swift */; };
		BF1E664A2CABF9A6001C48E9 /* ProfileResponse.swift in Sources */ = {isa = PBXBuildFile; fileRef = BF1E66492CABF9A6001C48E9 /* ProfileResponse.swift */; };
		BF1E664C2CAC061C001C48E9 /* ErrorResponse.swift in Sources */ = {isa = PBXBuildFile; fileRef = BF1E664B2CAC061C001C48E9 /* ErrorResponse.swift */; };
		BF1E664F2CAC5097001C48E9 /* GetProfileUseCase.swift in Sources */ = {isa = PBXBuildFile; fileRef = BF1E664E2CAC5097001C48E9 /* GetProfileUseCase.swift */; };
		BF1E66512CAC5232001C48E9 /* LoadingViewModel.swift in Sources */ = {isa = PBXBuildFile; fileRef = BF1E66502CAC5232001C48E9 /* LoadingViewModel.swift */; };
		BF1E66592CAD21C4001C48E9 /* TabViewController.swift in Sources */ = {isa = PBXBuildFile; fileRef = BF1E66582CAD21C4001C48E9 /* TabViewController.swift */; };
		BF1E665E2CAD244B001C48E9 /* HomeViewController.swift in Sources */ = {isa = PBXBuildFile; fileRef = BF1E665C2CAD244B001C48E9 /* HomeViewController.swift */; };
		BF1E665F2CAD244B001C48E9 /* HomeViewController.xib in Resources */ = {isa = PBXBuildFile; fileRef = BF1E665D2CAD244B001C48E9 /* HomeViewController.xib */; };
		BF1E66662CAD248E001C48E9 /* CartViewController.swift in Sources */ = {isa = PBXBuildFile; fileRef = BF1E66642CAD248E001C48E9 /* CartViewController.swift */; };
		BF1E66672CAD248E001C48E9 /* CartViewController.xib in Resources */ = {isa = PBXBuildFile; fileRef = BF1E66652CAD248E001C48E9 /* CartViewController.xib */; };
		BF1E666D2CAD2DAE001C48E9 /* MyOrderViewController.swift in Sources */ = {isa = PBXBuildFile; fileRef = BF1E666B2CAD2DAE001C48E9 /* MyOrderViewController.swift */; };
		BF1E666E2CAD2DAE001C48E9 /* MyOrderViewController.xib in Resources */ = {isa = PBXBuildFile; fileRef = BF1E666C2CAD2DAE001C48E9 /* MyOrderViewController.xib */; };
		BF1E66742CAD2E20001C48E9 /* MyEWalletViewController.swift in Sources */ = {isa = PBXBuildFile; fileRef = BF1E66722CAD2E20001C48E9 /* MyEWalletViewController.swift */; };
		BF1E66752CAD2E20001C48E9 /* MyEWalletViewController.xib in Resources */ = {isa = PBXBuildFile; fileRef = BF1E66732CAD2E20001C48E9 /* MyEWalletViewController.xib */; };
		BF1E667B2CAD2E70001C48E9 /* ProfileViewController.swift in Sources */ = {isa = PBXBuildFile; fileRef = BF1E66792CAD2E70001C48E9 /* ProfileViewController.swift */; };
		BF1E667C2CAD2E70001C48E9 /* ProfileViewController.xib in Resources */ = {isa = PBXBuildFile; fileRef = BF1E667A2CAD2E70001C48E9 /* ProfileViewController.xib */; };
		BF25D0212C971A5B00CB7EE8 /* Kingfisher in Frameworks */ = {isa = PBXBuildFile; productRef = BF25D0202C971A5B00CB7EE8 /* Kingfisher */; };
		BF25D0242C971A6600CB7EE8 /* IQKeyboardManagerSwift in Frameworks */ = {isa = PBXBuildFile; productRef = BF25D0232C971A6600CB7EE8 /* IQKeyboardManagerSwift */; };
		BF25D0272C971A7700CB7EE8 /* Alamofire in Frameworks */ = {isa = PBXBuildFile; productRef = BF25D0262C971A7700CB7EE8 /* Alamofire */; };
		BF25D02C2C971ABE00CB7EE8 /* ProgressHUD in Frameworks */ = {isa = PBXBuildFile; productRef = BF25D02B2C971ABE00CB7EE8 /* ProgressHUD */; };
		BF25D0302C97237900CB7EE8 /* Inter-VariableFont_opsz,wght.ttf in Resources */ = {isa = PBXBuildFile; fileRef = BF25D02F2C97237900CB7EE8 /* Inter-VariableFont_opsz,wght.ttf */; };
		BF25D03B2C97239400CB7EE8 /* UICollectionView+Extension.swift in Sources */ = {isa = PBXBuildFile; fileRef = BF25D0312C97239400CB7EE8 /* UICollectionView+Extension.swift */; };
		BF25D03C2C97239400CB7EE8 /* TextField+Extension.swift in Sources */ = {isa = PBXBuildFile; fileRef = BF25D0322C97239400CB7EE8 /* TextField+Extension.swift */; };
		BF25D03D2C97239400CB7EE8 /* UIFont+Extension.swift in Sources */ = {isa = PBXBuildFile; fileRef = BF25D0332C97239400CB7EE8 /* UIFont+Extension.swift */; };
		BF25D03E2C97239400CB7EE8 /* UIView+Extension.swift in Sources */ = {isa = PBXBuildFile; fileRef = BF25D0342C97239400CB7EE8 /* UIView+Extension.swift */; };
		BF25D03F2C97239400CB7EE8 /* Date+Extension.swift in Sources */ = {isa = PBXBuildFile; fileRef = BF25D0352C97239400CB7EE8 /* Date+Extension.swift */; };
		BF25D0402C97239400CB7EE8 /* UITableView+Extension.swift in Sources */ = {isa = PBXBuildFile; fileRef = BF25D0362C97239400CB7EE8 /* UITableView+Extension.swift */; };
		BF25D0412C97239400CB7EE8 /* String+Extension.swift in Sources */ = {isa = PBXBuildFile; fileRef = BF25D0372C97239400CB7EE8 /* String+Extension.swift */; };
		BF25D0422C97239400CB7EE8 /* UIColor+Extension.swift in Sources */ = {isa = PBXBuildFile; fileRef = BF25D0382C97239400CB7EE8 /* UIColor+Extension.swift */; };
		BF25D0432C97239400CB7EE8 /* UIViewController+Extension.swift in Sources */ = {isa = PBXBuildFile; fileRef = BF25D0392C97239400CB7EE8 /* UIViewController+Extension.swift */; };
		BF25D0442C97239400CB7EE8 /* Button+Extension.swift in Sources */ = {isa = PBXBuildFile; fileRef = BF25D03A2C97239400CB7EE8 /* Button+Extension.swift */; };
		BF25D0492C9821C400CB7EE8 /* MenuOption.swift in Sources */ = {isa = PBXBuildFile; fileRef = BF25D0482C9821C400CB7EE8 /* MenuOption.swift */; };
		BF25D04B2C9821F100CB7EE8 /* AuthInterceptor.swift in Sources */ = {isa = PBXBuildFile; fileRef = BF25D04A2C9821F100CB7EE8 /* AuthInterceptor.swift */; };
		BF25D0502C9969E600CB7EE8 /* Product.swift in Sources */ = {isa = PBXBuildFile; fileRef = BF25D04F2C9969E600CB7EE8 /* Product.swift */; };
		BF25D0552C996AF400CB7EE8 /* GetProductsUseCase.swift in Sources */ = {isa = PBXBuildFile; fileRef = BF25D0542C996AF400CB7EE8 /* GetProductsUseCase.swift */; };
		BF25D0592C9972EE00CB7EE8 /* APIService.swift in Sources */ = {isa = PBXBuildFile; fileRef = BF25D0582C9972EE00CB7EE8 /* APIService.swift */; };
		BF25D05B2C9973B100CB7EE8 /* TokenManager.swift in Sources */ = {isa = PBXBuildFile; fileRef = BF25D05A2C9973B000CB7EE8 /* TokenManager.swift */; };
		BF25D05D2C99756300CB7EE8 /* ProductRepository.swift in Sources */ = {isa = PBXBuildFile; fileRef = BF25D05C2C99756300CB7EE8 /* ProductRepository.swift */; };
		BF25D0642C9AAEFC00CB7EE8 /* ProductListViewModel.swift in Sources */ = {isa = PBXBuildFile; fileRef = BF25D0632C9AAEFC00CB7EE8 /* ProductListViewModel.swift */; };
		BF25D06B2C9AB14A00CB7EE8 /* ProductListViewController.swift in Sources */ = {isa = PBXBuildFile; fileRef = BF25D0692C9AB14A00CB7EE8 /* ProductListViewController.swift */; };
		BF25D06E2C9AC0D100CB7EE8 /* DIContainer.swift in Sources */ = {isa = PBXBuildFile; fileRef = BF25D06D2C9AC0D100CB7EE8 /* DIContainer.swift */; };
		BF25D0712C9ADA5B00CB7EE8 /* AuthService.swift in Sources */ = {isa = PBXBuildFile; fileRef = BF25D0702C9ADA5B00CB7EE8 /* AuthService.swift */; };
		BF25D08F2C9C01F000CB7EE8 /* ProductListViewController.xib in Resources */ = {isa = PBXBuildFile; fileRef = BF25D0902C9C01F000CB7EE8 /* ProductListViewController.xib */; };
		BF25D09A2C9C089400CB7EE8 /* UserDefaultsKey.swift in Sources */ = {isa = PBXBuildFile; fileRef = BF25D0992C9C089400CB7EE8 /* UserDefaultsKey.swift */; };
		BF25D0A22C9C0BC000CB7EE8 /* Localizable.xcstrings in Resources */ = {isa = PBXBuildFile; fileRef = BF25D0A12C9C0BC000CB7EE8 /* Localizable.xcstrings */; };
		BF25D0A42C9C121300CB7EE8 /* LocalizableKey.swift in Sources */ = {isa = PBXBuildFile; fileRef = BF25D0A32C9C121300CB7EE8 /* LocalizableKey.swift */; };
		BF25D0AC2C9D2ADB00CB7EE8 /* LoadingViewController.swift in Sources */ = {isa = PBXBuildFile; fileRef = BF25D0AA2C9D2ADB00CB7EE8 /* LoadingViewController.swift */; };
		BF25D0AD2C9D2ADB00CB7EE8 /* LoadingViewController.xib in Resources */ = {isa = PBXBuildFile; fileRef = BF25D0AB2C9D2ADB00CB7EE8 /* LoadingViewController.xib */; };
		BF25D0AF2C9D2C5300CB7EE8 /* UILabel+Extension.swift in Sources */ = {isa = PBXBuildFile; fileRef = BF25D0AE2C9D2C5300CB7EE8 /* UILabel+Extension.swift */; };
		BF25D0B22C9D2E1500CB7EE8 /* HeadingLabel.swift in Sources */ = {isa = PBXBuildFile; fileRef = BF25D0B12C9D2E1500CB7EE8 /* HeadingLabel.swift */; };
		BF4244E92C9D581800F43C8B /* FontWeight.swift in Sources */ = {isa = PBXBuildFile; fileRef = BF4244E82C9D581800F43C8B /* FontWeight.swift */; };
		BF4244EC2C9D599800F43C8B /* BodyLabel.swift in Sources */ = {isa = PBXBuildFile; fileRef = BF4244EB2C9D599800F43C8B /* BodyLabel.swift */; };
		BF4244EE2C9D5A4C00F43C8B /* DescriptionLabel.swift in Sources */ = {isa = PBXBuildFile; fileRef = BF4244ED2C9D5A4C00F43C8B /* DescriptionLabel.swift */; };
		BF4244F12C9D634F00F43C8B /* FullButton.swift in Sources */ = {isa = PBXBuildFile; fileRef = BF4244F02C9D634F00F43C8B /* FullButton.swift */; };
		BF4244F32C9D679A00F43C8B /* ButtonType.swift in Sources */ = {isa = PBXBuildFile; fileRef = BF4244F22C9D679A00F43C8B /* ButtonType.swift */; };
		BF4244F52CA1589B00F43C8B /* BaseButton.swift in Sources */ = {isa = PBXBuildFile; fileRef = BF4244F42CA1589B00F43C8B /* BaseButton.swift */; };
		BF4244F72CA15A4600F43C8B /* LightButton.swift in Sources */ = {isa = PBXBuildFile; fileRef = BF4244F62CA15A4600F43C8B /* LightButton.swift */; };
		BF4244F92CA15C3F00F43C8B /* OutlineButton.swift in Sources */ = {isa = PBXBuildFile; fileRef = BF4244F82CA15C3F00F43C8B /* OutlineButton.swift */; };
		BF5B322E2C92E3E00063CA29 /* AppDelegate.swift in Sources */ = {isa = PBXBuildFile; fileRef = BF5B322D2C92E3E00063CA29 /* AppDelegate.swift */; };
		BF5B32302C92E3E00063CA29 /* SceneDelegate.swift in Sources */ = {isa = PBXBuildFile; fileRef = BF5B322F2C92E3E00063CA29 /* SceneDelegate.swift */; };
		BF5B32372C92E3E20063CA29 /* Assets.xcassets in Resources */ = {isa = PBXBuildFile; fileRef = BF5B32362C92E3E20063CA29 /* Assets.xcassets */; };
		BF5B323A2C92E3E20063CA29 /* LaunchScreen.storyboard in Resources */ = {isa = PBXBuildFile; fileRef = BF5B32382C92E3E20063CA29 /* LaunchScreen.storyboard */; };
		BF5B32452C92E3E20063CA29 /* Shang_BuyerTests.swift in Sources */ = {isa = PBXBuildFile; fileRef = BF5B32442C92E3E20063CA29 /* Shang_BuyerTests.swift */; };
		BF5B324F2C92E3E20063CA29 /* Shang_BuyerUITests.swift in Sources */ = {isa = PBXBuildFile; fileRef = BF5B324E2C92E3E20063CA29 /* Shang_BuyerUITests.swift */; };
		BF5B32512C92E3E20063CA29 /* Shang_BuyerUITestsLaunchTests.swift in Sources */ = {isa = PBXBuildFile; fileRef = BF5B32502C92E3E20063CA29 /* Shang_BuyerUITestsLaunchTests.swift */; };
		BF5B32612C92E4E10063CA29 /* Coordinator.swift in Sources */ = {isa = PBXBuildFile; fileRef = BF5B32602C92E4E10063CA29 /* Coordinator.swift */; };
		BF5B32632C92E4F70063CA29 /* HomeCoordinator.swift in Sources */ = {isa = PBXBuildFile; fileRef = BF5B32622C92E4F70063CA29 /* HomeCoordinator.swift */; };
		BF5B32782C92F3250063CA29 /* AppApi.swift in Sources */ = {isa = PBXBuildFile; fileRef = BF5B32772C92F3250063CA29 /* AppApi.swift */; };
		BF869EE72CA1699100B59D8B /* FullNormalButton.swift in Sources */ = {isa = PBXBuildFile; fileRef = BF869EE62CA1699100B59D8B /* FullNormalButton.swift */; };
		BF869EE92CA16CFB00B59D8B /* OutlineNormalButton.swift in Sources */ = {isa = PBXBuildFile; fileRef = BF869EE82CA16CFB00B59D8B /* OutlineNormalButton.swift */; };
		BF869EF02CA297A800B59D8B /* LoginMethodSelectionViewController.swift in Sources */ = {isa = PBXBuildFile; fileRef = BF869EEE2CA297A800B59D8B /* LoginMethodSelectionViewController.swift */; };
		BF869EF12CA297A800B59D8B /* LoginMethodSelectionViewController.xib in Resources */ = {isa = PBXBuildFile; fileRef = BF869EEF2CA297A800B59D8B /* LoginMethodSelectionViewController.xib */; };
		BF869EF32CA2A03A00B59D8B /* GhostButton.swift in Sources */ = {isa = PBXBuildFile; fileRef = BF869EF22CA2A03900B59D8B /* GhostButton.swift */; };
		BF96CA362CA40E1E004F7BE9 /* AuthRepository.swift in Sources */ = {isa = PBXBuildFile; fileRef = BF96CA352CA40E1E004F7BE9 /* AuthRepository.swift */; };
		BF96CA382CA40E63004F7BE9 /* Register.swift in Sources */ = {isa = PBXBuildFile; fileRef = BF96CA372CA40E63004F7BE9 /* Register.swift */; };
		BF96CA3B2CA4152C004F7BE9 /* RegisterUseCase.swift in Sources */ = {isa = PBXBuildFile; fileRef = BF96CA3A2CA4152C004F7BE9 /* RegisterUseCase.swift */; };
		BF96CA452CA56A09004F7BE9 /* OTPTextField.swift in Sources */ = {isa = PBXBuildFile; fileRef = BF96CA442CA56A09004F7BE9 /* OTPTextField.swift */; };
		BF96CBD92CA56AF500066A1F /* VerifyOTPViewController.swift in Sources */ = {isa = PBXBuildFile; fileRef = BF96CBD72CA56AF500066A1F /* VerifyOTPViewController.swift */; };
		BF96CBDA2CA56AF500066A1F /* VerifyOTPViewController.xib in Resources */ = {isa = PBXBuildFile; fileRef = BF96CBD82CA56AF500066A1F /* VerifyOTPViewController.xib */; };
		BFA057D82CAEA18900890399 /* Profile.swift in Sources */ = {isa = PBXBuildFile; fileRef = BFA057D72CAEA18900890399 /* Profile.swift */; };
		BFA057DB2CAEA56B00890399 /* ProfileViewModel.swift in Sources */ = {isa = PBXBuildFile; fileRef = BFA057DA2CAEA56B00890399 /* ProfileViewModel.swift */; };
		BFA057DE2CAFF3D100890399 /* ProfileTableViewCell.swift in Sources */ = {isa = PBXBuildFile; fileRef = BFA057DC2CAFF3D100890399 /* ProfileTableViewCell.swift */; };
		BFA057DF2CAFF3D100890399 /* ProfileTableViewCell.xib in Resources */ = {isa = PBXBuildFile; fileRef = BFA057DD2CAFF3D100890399 /* ProfileTableViewCell.xib */; };
		BFAF1D7E2CA6A0CA0085609C /* VerifyOTPUseCase.swift in Sources */ = {isa = PBXBuildFile; fileRef = BFAF1D7D2CA6A0CA0085609C /* VerifyOTPUseCase.swift */; };
		BFAF1D802CA6A18A0085609C /* VerifyOTPViewModel.swift in Sources */ = {isa = PBXBuildFile; fileRef = BFAF1D7F2CA6A18A0085609C /* VerifyOTPViewModel.swift */; };
		BFAF1D832CA838AE0085609C /* AuthResponse.swift in Sources */ = {isa = PBXBuildFile; fileRef = BFAF1D822CA838AE0085609C /* AuthResponse.swift */; };
		BFAF1D8D2CA846060085609C /* MainPageViewController.swift in Sources */ = {isa = PBXBuildFile; fileRef = BFAF1D8B2CA846060085609C /* MainPageViewController.swift */; };
		BFAF1D8E2CA846060085609C /* MainPageViewController.xib in Resources */ = {isa = PBXBuildFile; fileRef = BFAF1D8C2CA846060085609C /* MainPageViewController.xib */; };
		BFAF1D942CAA7DF60085609C /* LoginWithEmailViewController.swift in Sources */ = {isa = PBXBuildFile; fileRef = BFAF1D922CAA7DF60085609C /* LoginWithEmailViewController.swift */; };
		BFAF1D952CAA7DF60085609C /* LoginWithEmailViewController.xib in Resources */ = {isa = PBXBuildFile; fileRef = BFAF1D932CAA7DF60085609C /* LoginWithEmailViewController.xib */; };
		BFAF1D982CAA7F1B0085609C /* LoginWithEmailViewModel.swift in Sources */ = {isa = PBXBuildFile; fileRef = BFAF1D972CAA7F1B0085609C /* LoginWithEmailViewModel.swift */; };
		BFAF1D9A2CAA807C0085609C /* LoginEmailUseCase.swift in Sources */ = {isa = PBXBuildFile; fileRef = BFAF1D992CAA807C0085609C /* LoginEmailUseCase.swift */; };
		BFAF1D9C2CAA8FBF0085609C /* HTTPStatus.swift in Sources */ = {isa = PBXBuildFile; fileRef = BFAF1D9B2CAA8FBF0085609C /* HTTPStatus.swift */; };
		BFCF72402CA2A45100208985 /* AuthCoordinator.swift in Sources */ = {isa = PBXBuildFile; fileRef = BFCF723F2CA2A45100208985 /* AuthCoordinator.swift */; };
		BFCF72572CA3EC9C00208985 /* RegisterViewController.swift in Sources */ = {isa = PBXBuildFile; fileRef = BFCF72552CA3EC9C00208985 /* RegisterViewController.swift */; };
		BFCF72582CA3EC9C00208985 /* RegisterViewController.xib in Resources */ = {isa = PBXBuildFile; fileRef = BFCF72562CA3EC9C00208985 /* RegisterViewController.xib */; };
		BFCF725B2CA3EDA300208985 /* BaseField.swift in Sources */ = {isa = PBXBuildFile; fileRef = BFCF725A2CA3EDA300208985 /* BaseField.swift */; };
		BFCF725D2CA3EF4000208985 /* NormalField.swift in Sources */ = {isa = PBXBuildFile; fileRef = BFCF725C2CA3EF4000208985 /* NormalField.swift */; };
		BFCF72612CA3FB6B00208985 /* RegisterViewModel.swift in Sources */ = {isa = PBXBuildFile; fileRef = BFCF72602CA3FB6B00208985 /* RegisterViewModel.swift */; };
		BFCF72642CA4042C00208985 /* UIImage+Extension.swift in Sources */ = {isa = PBXBuildFile; fileRef = BFCF72632CA4042C00208985 /* UIImage+Extension.swift */; };
		BFEB4E292CAAB1310033F950 /* SuccessfullyRegisterViewController.swift in Sources */ = {isa = PBXBuildFile; fileRef = BFEB4E272CAAB1310033F950 /* SuccessfullyRegisterViewController.swift */; };
		BFEB4E2A2CAAB1310033F950 /* SuccessfullyRegisterViewController.xib in Resources */ = {isa = PBXBuildFile; fileRef = BFEB4E282CAAB1310033F950 /* SuccessfullyRegisterViewController.xib */; };
/* End PBXBuildFile section */

/* Begin PBXContainerItemProxy section */
		BF5B32412C92E3E20063CA29 /* PBXContainerItemProxy */ = {
			isa = PBXContainerItemProxy;
			containerPortal = BF5B32222C92E3E00063CA29 /* Project object */;
			proxyType = 1;
			remoteGlobalIDString = BF5B32292C92E3E00063CA29;
			remoteInfo = Shang_Buyer;
		};
		BF5B324B2C92E3E20063CA29 /* PBXContainerItemProxy */ = {
			isa = PBXContainerItemProxy;
			containerPortal = BF5B32222C92E3E00063CA29 /* Project object */;
			proxyType = 1;
			remoteGlobalIDString = BF5B32292C92E3E00063CA29;
			remoteInfo = Shang_Buyer;
		};
/* End PBXContainerItemProxy section */

/* Begin PBXFileReference section */
		BF1E66452CABE396001C48E9 /* UserDefaults+Extension.swift */ = {isa = PBXFileReference; fileEncoding = 4; lastKnownFileType = sourcecode.swift; path = "UserDefaults+Extension.swift"; sourceTree = "<group>"; };
		BF1E66472CABF95A001C48E9 /* ProfileRepository.swift */ = {isa = PBXFileReference; lastKnownFileType = sourcecode.swift; path = ProfileRepository.swift; sourceTree = "<group>"; };
		BF1E66492CABF9A6001C48E9 /* ProfileResponse.swift */ = {isa = PBXFileReference; lastKnownFileType = sourcecode.swift; path = ProfileResponse.swift; sourceTree = "<group>"; };
		BF1E664B2CAC061C001C48E9 /* ErrorResponse.swift */ = {isa = PBXFileReference; lastKnownFileType = sourcecode.swift; path = ErrorResponse.swift; sourceTree = "<group>"; };
		BF1E664E2CAC5097001C48E9 /* GetProfileUseCase.swift */ = {isa = PBXFileReference; lastKnownFileType = sourcecode.swift; path = GetProfileUseCase.swift; sourceTree = "<group>"; };
		BF1E66502CAC5232001C48E9 /* LoadingViewModel.swift */ = {isa = PBXFileReference; lastKnownFileType = sourcecode.swift; path = LoadingViewModel.swift; sourceTree = "<group>"; };
		BF1E66582CAD21C4001C48E9 /* TabViewController.swift */ = {isa = PBXFileReference; lastKnownFileType = sourcecode.swift; path = TabViewController.swift; sourceTree = "<group>"; };
		BF1E665C2CAD244B001C48E9 /* HomeViewController.swift */ = {isa = PBXFileReference; lastKnownFileType = sourcecode.swift; path = HomeViewController.swift; sourceTree = "<group>"; };
		BF1E665D2CAD244B001C48E9 /* HomeViewController.xib */ = {isa = PBXFileReference; lastKnownFileType = file.xib; path = HomeViewController.xib; sourceTree = "<group>"; };
		BF1E66642CAD248E001C48E9 /* CartViewController.swift */ = {isa = PBXFileReference; lastKnownFileType = sourcecode.swift; path = CartViewController.swift; sourceTree = "<group>"; };
		BF1E66652CAD248E001C48E9 /* CartViewController.xib */ = {isa = PBXFileReference; lastKnownFileType = file.xib; path = CartViewController.xib; sourceTree = "<group>"; };
		BF1E666B2CAD2DAE001C48E9 /* MyOrderViewController.swift */ = {isa = PBXFileReference; lastKnownFileType = sourcecode.swift; path = MyOrderViewController.swift; sourceTree = "<group>"; };
		BF1E666C2CAD2DAE001C48E9 /* MyOrderViewController.xib */ = {isa = PBXFileReference; lastKnownFileType = file.xib; path = MyOrderViewController.xib; sourceTree = "<group>"; };
		BF1E66722CAD2E20001C48E9 /* MyEWalletViewController.swift */ = {isa = PBXFileReference; lastKnownFileType = sourcecode.swift; path = MyEWalletViewController.swift; sourceTree = "<group>"; };
		BF1E66732CAD2E20001C48E9 /* MyEWalletViewController.xib */ = {isa = PBXFileReference; lastKnownFileType = file.xib; path = MyEWalletViewController.xib; sourceTree = "<group>"; };
		BF1E66792CAD2E70001C48E9 /* ProfileViewController.swift */ = {isa = PBXFileReference; lastKnownFileType = sourcecode.swift; path = ProfileViewController.swift; sourceTree = "<group>"; };
		BF1E667A2CAD2E70001C48E9 /* ProfileViewController.xib */ = {isa = PBXFileReference; lastKnownFileType = file.xib; path = ProfileViewController.xib; sourceTree = "<group>"; };
		BF25D02F2C97237900CB7EE8 /* Inter-VariableFont_opsz,wght.ttf */ = {isa = PBXFileReference; lastKnownFileType = file; path = "Inter-VariableFont_opsz,wght.ttf"; sourceTree = "<group>"; };
		BF25D0312C97239400CB7EE8 /* UICollectionView+Extension.swift */ = {isa = PBXFileReference; fileEncoding = 4; lastKnownFileType = sourcecode.swift; path = "UICollectionView+Extension.swift"; sourceTree = "<group>"; };
		BF25D0322C97239400CB7EE8 /* TextField+Extension.swift */ = {isa = PBXFileReference; fileEncoding = 4; lastKnownFileType = sourcecode.swift; path = "TextField+Extension.swift"; sourceTree = "<group>"; };
		BF25D0332C97239400CB7EE8 /* UIFont+Extension.swift */ = {isa = PBXFileReference; fileEncoding = 4; lastKnownFileType = sourcecode.swift; path = "UIFont+Extension.swift"; sourceTree = "<group>"; };
		BF25D0342C97239400CB7EE8 /* UIView+Extension.swift */ = {isa = PBXFileReference; fileEncoding = 4; lastKnownFileType = sourcecode.swift; path = "UIView+Extension.swift"; sourceTree = "<group>"; };
		BF25D0352C97239400CB7EE8 /* Date+Extension.swift */ = {isa = PBXFileReference; fileEncoding = 4; lastKnownFileType = sourcecode.swift; path = "Date+Extension.swift"; sourceTree = "<group>"; };
		BF25D0362C97239400CB7EE8 /* UITableView+Extension.swift */ = {isa = PBXFileReference; fileEncoding = 4; lastKnownFileType = sourcecode.swift; path = "UITableView+Extension.swift"; sourceTree = "<group>"; };
		BF25D0372C97239400CB7EE8 /* String+Extension.swift */ = {isa = PBXFileReference; fileEncoding = 4; lastKnownFileType = sourcecode.swift; path = "String+Extension.swift"; sourceTree = "<group>"; };
		BF25D0382C97239400CB7EE8 /* UIColor+Extension.swift */ = {isa = PBXFileReference; fileEncoding = 4; lastKnownFileType = sourcecode.swift; path = "UIColor+Extension.swift"; sourceTree = "<group>"; };
		BF25D0392C97239400CB7EE8 /* UIViewController+Extension.swift */ = {isa = PBXFileReference; fileEncoding = 4; lastKnownFileType = sourcecode.swift; path = "UIViewController+Extension.swift"; sourceTree = "<group>"; };
		BF25D03A2C97239400CB7EE8 /* Button+Extension.swift */ = {isa = PBXFileReference; fileEncoding = 4; lastKnownFileType = sourcecode.swift; path = "Button+Extension.swift"; sourceTree = "<group>"; };
		BF25D0482C9821C400CB7EE8 /* MenuOption.swift */ = {isa = PBXFileReference; fileEncoding = 4; lastKnownFileType = sourcecode.swift; path = MenuOption.swift; sourceTree = "<group>"; };
		BF25D04A2C9821F100CB7EE8 /* AuthInterceptor.swift */ = {isa = PBXFileReference; fileEncoding = 4; lastKnownFileType = sourcecode.swift; path = AuthInterceptor.swift; sourceTree = "<group>"; };
		BF25D04F2C9969E600CB7EE8 /* Product.swift */ = {isa = PBXFileReference; lastKnownFileType = sourcecode.swift; path = Product.swift; sourceTree = "<group>"; };
		BF25D0542C996AF400CB7EE8 /* GetProductsUseCase.swift */ = {isa = PBXFileReference; lastKnownFileType = sourcecode.swift; path = GetProductsUseCase.swift; sourceTree = "<group>"; };
		BF25D0582C9972EE00CB7EE8 /* APIService.swift */ = {isa = PBXFileReference; lastKnownFileType = sourcecode.swift; path = APIService.swift; sourceTree = "<group>"; };
		BF25D05A2C9973B000CB7EE8 /* TokenManager.swift */ = {isa = PBXFileReference; lastKnownFileType = sourcecode.swift; path = TokenManager.swift; sourceTree = "<group>"; };
		BF25D05C2C99756300CB7EE8 /* ProductRepository.swift */ = {isa = PBXFileReference; lastKnownFileType = sourcecode.swift; path = ProductRepository.swift; sourceTree = "<group>"; };
		BF25D0632C9AAEFC00CB7EE8 /* ProductListViewModel.swift */ = {isa = PBXFileReference; lastKnownFileType = sourcecode.swift; path = ProductListViewModel.swift; sourceTree = "<group>"; };
		BF25D0692C9AB14A00CB7EE8 /* ProductListViewController.swift */ = {isa = PBXFileReference; lastKnownFileType = sourcecode.swift; path = ProductListViewController.swift; sourceTree = "<group>"; };
		BF25D06D2C9AC0D100CB7EE8 /* DIContainer.swift */ = {isa = PBXFileReference; lastKnownFileType = sourcecode.swift; path = DIContainer.swift; sourceTree = "<group>"; };
		BF25D0702C9ADA5B00CB7EE8 /* AuthService.swift */ = {isa = PBXFileReference; lastKnownFileType = sourcecode.swift; path = AuthService.swift; sourceTree = "<group>"; };
		BF25D0902C9C01F000CB7EE8 /* ProductListViewController.xib */ = {isa = PBXFileReference; lastKnownFileType = file.xib; path = ProductListViewController.xib; sourceTree = "<group>"; };
		BF25D0992C9C089400CB7EE8 /* UserDefaultsKey.swift */ = {isa = PBXFileReference; fileEncoding = 4; lastKnownFileType = sourcecode.swift; path = UserDefaultsKey.swift; sourceTree = "<group>"; };
		BF25D0A12C9C0BC000CB7EE8 /* Localizable.xcstrings */ = {isa = PBXFileReference; lastKnownFileType = text.json.xcstrings; path = Localizable.xcstrings; sourceTree = "<group>"; };
		BF25D0A32C9C121300CB7EE8 /* LocalizableKey.swift */ = {isa = PBXFileReference; lastKnownFileType = sourcecode.swift; path = LocalizableKey.swift; sourceTree = "<group>"; };
		BF25D0AA2C9D2ADB00CB7EE8 /* LoadingViewController.swift */ = {isa = PBXFileReference; lastKnownFileType = sourcecode.swift; path = LoadingViewController.swift; sourceTree = "<group>"; };
		BF25D0AB2C9D2ADB00CB7EE8 /* LoadingViewController.xib */ = {isa = PBXFileReference; lastKnownFileType = file.xib; path = LoadingViewController.xib; sourceTree = "<group>"; };
		BF25D0AE2C9D2C5300CB7EE8 /* UILabel+Extension.swift */ = {isa = PBXFileReference; lastKnownFileType = sourcecode.swift; path = "UILabel+Extension.swift"; sourceTree = "<group>"; };
		BF25D0B12C9D2E1500CB7EE8 /* HeadingLabel.swift */ = {isa = PBXFileReference; lastKnownFileType = sourcecode.swift; path = HeadingLabel.swift; sourceTree = "<group>"; };
		BF4244E82C9D581800F43C8B /* FontWeight.swift */ = {isa = PBXFileReference; lastKnownFileType = sourcecode.swift; path = FontWeight.swift; sourceTree = "<group>"; };
		BF4244EB2C9D599800F43C8B /* BodyLabel.swift */ = {isa = PBXFileReference; lastKnownFileType = sourcecode.swift; path = BodyLabel.swift; sourceTree = "<group>"; };
		BF4244ED2C9D5A4C00F43C8B /* DescriptionLabel.swift */ = {isa = PBXFileReference; lastKnownFileType = sourcecode.swift; path = DescriptionLabel.swift; sourceTree = "<group>"; };
		BF4244F02C9D634F00F43C8B /* FullButton.swift */ = {isa = PBXFileReference; lastKnownFileType = sourcecode.swift; path = FullButton.swift; sourceTree = "<group>"; };
		BF4244F22C9D679A00F43C8B /* ButtonType.swift */ = {isa = PBXFileReference; lastKnownFileType = sourcecode.swift; path = ButtonType.swift; sourceTree = "<group>"; };
		BF4244F42CA1589B00F43C8B /* BaseButton.swift */ = {isa = PBXFileReference; lastKnownFileType = sourcecode.swift; path = BaseButton.swift; sourceTree = "<group>"; };
		BF4244F62CA15A4600F43C8B /* LightButton.swift */ = {isa = PBXFileReference; lastKnownFileType = sourcecode.swift; path = LightButton.swift; sourceTree = "<group>"; };
		BF4244F82CA15C3F00F43C8B /* OutlineButton.swift */ = {isa = PBXFileReference; lastKnownFileType = sourcecode.swift; path = OutlineButton.swift; sourceTree = "<group>"; };
		BF5B322A2C92E3E00063CA29 /* Shang_Buyer.app */ = {isa = PBXFileReference; explicitFileType = wrapper.application; includeInIndex = 0; path = Shang_Buyer.app; sourceTree = BUILT_PRODUCTS_DIR; };
		BF5B322D2C92E3E00063CA29 /* AppDelegate.swift */ = {isa = PBXFileReference; lastKnownFileType = sourcecode.swift; path = AppDelegate.swift; sourceTree = "<group>"; };
		BF5B322F2C92E3E00063CA29 /* SceneDelegate.swift */ = {isa = PBXFileReference; lastKnownFileType = sourcecode.swift; path = SceneDelegate.swift; sourceTree = "<group>"; };
		BF5B32362C92E3E20063CA29 /* Assets.xcassets */ = {isa = PBXFileReference; lastKnownFileType = folder.assetcatalog; path = Assets.xcassets; sourceTree = "<group>"; };
		BF5B32392C92E3E20063CA29 /* Base */ = {isa = PBXFileReference; lastKnownFileType = file.storyboard; name = Base; path = Base.lproj/LaunchScreen.storyboard; sourceTree = "<group>"; };
		BF5B323B2C92E3E20063CA29 /* Info.plist */ = {isa = PBXFileReference; lastKnownFileType = text.plist.xml; path = Info.plist; sourceTree = "<group>"; };
		BF5B32402C92E3E20063CA29 /* Shang_BuyerTests.xctest */ = {isa = PBXFileReference; explicitFileType = wrapper.cfbundle; includeInIndex = 0; path = Shang_BuyerTests.xctest; sourceTree = BUILT_PRODUCTS_DIR; };
		BF5B32442C92E3E20063CA29 /* Shang_BuyerTests.swift */ = {isa = PBXFileReference; lastKnownFileType = sourcecode.swift; path = Shang_BuyerTests.swift; sourceTree = "<group>"; };
		BF5B324A2C92E3E20063CA29 /* Shang_BuyerUITests.xctest */ = {isa = PBXFileReference; explicitFileType = wrapper.cfbundle; includeInIndex = 0; path = Shang_BuyerUITests.xctest; sourceTree = BUILT_PRODUCTS_DIR; };
		BF5B324E2C92E3E20063CA29 /* Shang_BuyerUITests.swift */ = {isa = PBXFileReference; lastKnownFileType = sourcecode.swift; path = Shang_BuyerUITests.swift; sourceTree = "<group>"; };
		BF5B32502C92E3E20063CA29 /* Shang_BuyerUITestsLaunchTests.swift */ = {isa = PBXFileReference; lastKnownFileType = sourcecode.swift; path = Shang_BuyerUITestsLaunchTests.swift; sourceTree = "<group>"; };
		BF5B32602C92E4E10063CA29 /* Coordinator.swift */ = {isa = PBXFileReference; fileEncoding = 4; lastKnownFileType = sourcecode.swift; path = Coordinator.swift; sourceTree = "<group>"; };
		BF5B32622C92E4F70063CA29 /* HomeCoordinator.swift */ = {isa = PBXFileReference; fileEncoding = 4; lastKnownFileType = sourcecode.swift; path = HomeCoordinator.swift; sourceTree = "<group>"; };
		BF5B32772C92F3250063CA29 /* AppApi.swift */ = {isa = PBXFileReference; lastKnownFileType = sourcecode.swift; path = AppApi.swift; sourceTree = "<group>"; };
		BF869EE62CA1699100B59D8B /* FullNormalButton.swift */ = {isa = PBXFileReference; lastKnownFileType = sourcecode.swift; path = FullNormalButton.swift; sourceTree = "<group>"; };
		BF869EE82CA16CFB00B59D8B /* OutlineNormalButton.swift */ = {isa = PBXFileReference; lastKnownFileType = sourcecode.swift; path = OutlineNormalButton.swift; sourceTree = "<group>"; };
		BF869EEE2CA297A800B59D8B /* LoginMethodSelectionViewController.swift */ = {isa = PBXFileReference; lastKnownFileType = sourcecode.swift; path = LoginMethodSelectionViewController.swift; sourceTree = "<group>"; };
		BF869EEF2CA297A800B59D8B /* LoginMethodSelectionViewController.xib */ = {isa = PBXFileReference; lastKnownFileType = file.xib; path = LoginMethodSelectionViewController.xib; sourceTree = "<group>"; };
		BF869EF22CA2A03900B59D8B /* GhostButton.swift */ = {isa = PBXFileReference; lastKnownFileType = sourcecode.swift; path = GhostButton.swift; sourceTree = "<group>"; };
		BF96CA352CA40E1E004F7BE9 /* AuthRepository.swift */ = {isa = PBXFileReference; lastKnownFileType = sourcecode.swift; path = AuthRepository.swift; sourceTree = "<group>"; };
		BF96CA372CA40E63004F7BE9 /* Register.swift */ = {isa = PBXFileReference; lastKnownFileType = sourcecode.swift; path = Register.swift; sourceTree = "<group>"; };
		BF96CA3A2CA4152C004F7BE9 /* RegisterUseCase.swift */ = {isa = PBXFileReference; lastKnownFileType = sourcecode.swift; path = RegisterUseCase.swift; sourceTree = "<group>"; };
		BF96CA442CA56A09004F7BE9 /* OTPTextField.swift */ = {isa = PBXFileReference; fileEncoding = 4; lastKnownFileType = sourcecode.swift; path = OTPTextField.swift; sourceTree = "<group>"; };
		BF96CBD72CA56AF500066A1F /* VerifyOTPViewController.swift */ = {isa = PBXFileReference; lastKnownFileType = sourcecode.swift; path = VerifyOTPViewController.swift; sourceTree = "<group>"; };
		BF96CBD82CA56AF500066A1F /* VerifyOTPViewController.xib */ = {isa = PBXFileReference; lastKnownFileType = file.xib; path = VerifyOTPViewController.xib; sourceTree = "<group>"; };
		BFA057D72CAEA18900890399 /* Profile.swift */ = {isa = PBXFileReference; lastKnownFileType = sourcecode.swift; path = Profile.swift; sourceTree = "<group>"; };
		BFA057DA2CAEA56B00890399 /* ProfileViewModel.swift */ = {isa = PBXFileReference; lastKnownFileType = sourcecode.swift; path = ProfileViewModel.swift; sourceTree = "<group>"; };
		BFA057DC2CAFF3D100890399 /* ProfileTableViewCell.swift */ = {isa = PBXFileReference; lastKnownFileType = sourcecode.swift; path = ProfileTableViewCell.swift; sourceTree = "<group>"; };
		BFA057DD2CAFF3D100890399 /* ProfileTableViewCell.xib */ = {isa = PBXFileReference; lastKnownFileType = file.xib; path = ProfileTableViewCell.xib; sourceTree = "<group>"; };
		BFAF1D7D2CA6A0CA0085609C /* VerifyOTPUseCase.swift */ = {isa = PBXFileReference; lastKnownFileType = sourcecode.swift; path = VerifyOTPUseCase.swift; sourceTree = "<group>"; };
		BFAF1D7F2CA6A18A0085609C /* VerifyOTPViewModel.swift */ = {isa = PBXFileReference; lastKnownFileType = sourcecode.swift; path = VerifyOTPViewModel.swift; sourceTree = "<group>"; };
		BFAF1D822CA838AE0085609C /* AuthResponse.swift */ = {isa = PBXFileReference; lastKnownFileType = sourcecode.swift; path = AuthResponse.swift; sourceTree = "<group>"; };
		BFAF1D8B2CA846060085609C /* MainPageViewController.swift */ = {isa = PBXFileReference; lastKnownFileType = sourcecode.swift; path = MainPageViewController.swift; sourceTree = "<group>"; };
		BFAF1D8C2CA846060085609C /* MainPageViewController.xib */ = {isa = PBXFileReference; lastKnownFileType = file.xib; path = MainPageViewController.xib; sourceTree = "<group>"; };
		BFAF1D922CAA7DF60085609C /* LoginWithEmailViewController.swift */ = {isa = PBXFileReference; lastKnownFileType = sourcecode.swift; path = LoginWithEmailViewController.swift; sourceTree = "<group>"; };
		BFAF1D932CAA7DF60085609C /* LoginWithEmailViewController.xib */ = {isa = PBXFileReference; lastKnownFileType = file.xib; path = LoginWithEmailViewController.xib; sourceTree = "<group>"; };
		BFAF1D972CAA7F1B0085609C /* LoginWithEmailViewModel.swift */ = {isa = PBXFileReference; lastKnownFileType = sourcecode.swift; path = LoginWithEmailViewModel.swift; sourceTree = "<group>"; };
		BFAF1D992CAA807C0085609C /* LoginEmailUseCase.swift */ = {isa = PBXFileReference; lastKnownFileType = sourcecode.swift; path = LoginEmailUseCase.swift; sourceTree = "<group>"; };
		BFAF1D9B2CAA8FBF0085609C /* HTTPStatus.swift */ = {isa = PBXFileReference; lastKnownFileType = sourcecode.swift; path = HTTPStatus.swift; sourceTree = "<group>"; };
		BFCF723F2CA2A45100208985 /* AuthCoordinator.swift */ = {isa = PBXFileReference; lastKnownFileType = sourcecode.swift; path = AuthCoordinator.swift; sourceTree = "<group>"; };
		BFCF72552CA3EC9C00208985 /* RegisterViewController.swift */ = {isa = PBXFileReference; lastKnownFileType = sourcecode.swift; path = RegisterViewController.swift; sourceTree = "<group>"; };
		BFCF72562CA3EC9C00208985 /* RegisterViewController.xib */ = {isa = PBXFileReference; lastKnownFileType = file.xib; path = RegisterViewController.xib; sourceTree = "<group>"; };
		BFCF725A2CA3EDA300208985 /* BaseField.swift */ = {isa = PBXFileReference; lastKnownFileType = sourcecode.swift; path = BaseField.swift; sourceTree = "<group>"; };
		BFCF725C2CA3EF4000208985 /* NormalField.swift */ = {isa = PBXFileReference; lastKnownFileType = sourcecode.swift; path = NormalField.swift; sourceTree = "<group>"; };
		BFCF72602CA3FB6B00208985 /* RegisterViewModel.swift */ = {isa = PBXFileReference; lastKnownFileType = sourcecode.swift; path = RegisterViewModel.swift; sourceTree = "<group>"; };
		BFCF72632CA4042C00208985 /* UIImage+Extension.swift */ = {isa = PBXFileReference; lastKnownFileType = sourcecode.swift; path = "UIImage+Extension.swift"; sourceTree = "<group>"; };
		BFEB4E272CAAB1310033F950 /* SuccessfullyRegisterViewController.swift */ = {isa = PBXFileReference; lastKnownFileType = sourcecode.swift; path = SuccessfullyRegisterViewController.swift; sourceTree = "<group>"; };
		BFEB4E282CAAB1310033F950 /* SuccessfullyRegisterViewController.xib */ = {isa = PBXFileReference; lastKnownFileType = file.xib; path = SuccessfullyRegisterViewController.xib; sourceTree = "<group>"; };
/* End PBXFileReference section */

/* Begin PBXFrameworksBuildPhase section */
		BF5B32272C92E3E00063CA29 /* Frameworks */ = {
			isa = PBXFrameworksBuildPhase;
			buildActionMask = 2147483647;
			files = (
				BF25D02C2C971ABE00CB7EE8 /* ProgressHUD in Frameworks */,
				BF25D0272C971A7700CB7EE8 /* Alamofire in Frameworks */,
				BF25D0212C971A5B00CB7EE8 /* Kingfisher in Frameworks */,
				BF25D0242C971A6600CB7EE8 /* IQKeyboardManagerSwift in Frameworks */,
			);
			runOnlyForDeploymentPostprocessing = 0;
		};
		BF5B323D2C92E3E20063CA29 /* Frameworks */ = {
			isa = PBXFrameworksBuildPhase;
			buildActionMask = 2147483647;
			files = (
			);
			runOnlyForDeploymentPostprocessing = 0;
		};
		BF5B32472C92E3E20063CA29 /* Frameworks */ = {
			isa = PBXFrameworksBuildPhase;
			buildActionMask = 2147483647;
			files = (
			);
			runOnlyForDeploymentPostprocessing = 0;
		};
/* End PBXFrameworksBuildPhase section */

/* Begin PBXGroup section */
		BF1E664D2CAC508A001C48E9 /* ProfileUseCase */ = {
			isa = PBXGroup;
			children = (
				BF1E664E2CAC5097001C48E9 /* GetProfileUseCase.swift */,
			);
			path = ProfileUseCase;
			sourceTree = "<group>";
		};
		BF1E66522CAD2155001C48E9 /* TabBar */ = {
			isa = PBXGroup;
			children = (
				BF1E66582CAD21C4001C48E9 /* TabViewController.swift */,
			);
			path = TabBar;
			sourceTree = "<group>";
		};
		BF1E665A2CAD242E001C48E9 /* HomeScene */ = {
			isa = PBXGroup;
			children = (
				BF1E66632CAD247D001C48E9 /* MainPage */,
			);
			path = HomeScene;
			sourceTree = "<group>";
		};
		BF1E665B2CAD2437001C48E9 /* View */ = {
			isa = PBXGroup;
			children = (
				BF1E665C2CAD244B001C48E9 /* HomeViewController.swift */,
				BF1E665D2CAD244B001C48E9 /* HomeViewController.xib */,
			);
			path = View;
			sourceTree = "<group>";
		};
		BF1E66602CAD2457001C48E9 /* CartScene */ = {
			isa = PBXGroup;
			children = (
				BF1E66612CAD245F001C48E9 /* Cart */,
			);
			path = CartScene;
			sourceTree = "<group>";
		};
		BF1E66612CAD245F001C48E9 /* Cart */ = {
			isa = PBXGroup;
			children = (
				BF1E66622CAD247A001C48E9 /* View */,
			);
			path = Cart;
			sourceTree = "<group>";
		};
		BF1E66622CAD247A001C48E9 /* View */ = {
			isa = PBXGroup;
			children = (
				BF1E66642CAD248E001C48E9 /* CartViewController.swift */,
				BF1E66652CAD248E001C48E9 /* CartViewController.xib */,
			);
			path = View;
			sourceTree = "<group>";
		};
		BF1E66632CAD247D001C48E9 /* MainPage */ = {
			isa = PBXGroup;
			children = (
				BF1E665B2CAD2437001C48E9 /* View */,
			);
			path = MainPage;
			sourceTree = "<group>";
		};
		BF1E66682CAD2D5A001C48E9 /* OrderScene */ = {
			isa = PBXGroup;
			children = (
				BF1E66692CAD2D9D001C48E9 /* MyOrder */,
			);
			path = OrderScene;
			sourceTree = "<group>";
		};
		BF1E66692CAD2D9D001C48E9 /* MyOrder */ = {
			isa = PBXGroup;
			children = (
				BF1E666A2CAD2DA1001C48E9 /* View */,
			);
			path = MyOrder;
			sourceTree = "<group>";
		};
		BF1E666A2CAD2DA1001C48E9 /* View */ = {
			isa = PBXGroup;
			children = (
				BF1E666B2CAD2DAE001C48E9 /* MyOrderViewController.swift */,
				BF1E666C2CAD2DAE001C48E9 /* MyOrderViewController.xib */,
			);
			path = View;
			sourceTree = "<group>";
		};
		BF1E666F2CAD2DFE001C48E9 /* WalletScene */ = {
			isa = PBXGroup;
			children = (
				BF1E66702CAD2E08001C48E9 /* My E-Wallet */,
			);
			path = WalletScene;
			sourceTree = "<group>";
		};
		BF1E66702CAD2E08001C48E9 /* My E-Wallet */ = {
			isa = PBXGroup;
			children = (
				BF1E66712CAD2E13001C48E9 /* View */,
			);
			path = "My E-Wallet";
			sourceTree = "<group>";
		};
		BF1E66712CAD2E13001C48E9 /* View */ = {
			isa = PBXGroup;
			children = (
				BF1E66722CAD2E20001C48E9 /* MyEWalletViewController.swift */,
				BF1E66732CAD2E20001C48E9 /* MyEWalletViewController.xib */,
			);
			path = View;
			sourceTree = "<group>";
		};
		BF1E66762CAD2E52001C48E9 /* ProfileScene */ = {
			isa = PBXGroup;
			children = (
				BF1E66772CAD2E59001C48E9 /* Profile */,
			);
			path = ProfileScene;
			sourceTree = "<group>";
		};
		BF1E66772CAD2E59001C48E9 /* Profile */ = {
			isa = PBXGroup;
			children = (
				BFA057D92CAEA53700890399 /* ViewModel */,
				BF1E66782CAD2E65001C48E9 /* View */,
			);
			path = Profile;
			sourceTree = "<group>";
		};
		BF1E66782CAD2E65001C48E9 /* View */ = {
			isa = PBXGroup;
			children = (
				BFA057D22CAE9E5200890399 /* ProfileCell */,
				BF1E66792CAD2E70001C48E9 /* ProfileViewController.swift */,
				BF1E667A2CAD2E70001C48E9 /* ProfileViewController.xib */,
			);
			path = View;
			sourceTree = "<group>";
		};
		BF25D02D2C971AE000CB7EE8 /* Launch */ = {
			isa = PBXGroup;
			children = (
				BF5B32382C92E3E20063CA29 /* LaunchScreen.storyboard */,
			);
			path = Launch;
			sourceTree = "<group>";
		};
		BF25D02E2C97235200CB7EE8 /* Font */ = {
			isa = PBXGroup;
			children = (
				BF25D02F2C97237900CB7EE8 /* Inter-VariableFont_opsz,wght.ttf */,
			);
			path = Font;
			sourceTree = "<group>";
		};
		BF25D04E2C9883B200CB7EE8 /* Entities */ = {
			isa = PBXGroup;
			children = (
				BFAF1D812CA838A00085609C /* Response */,
				BF25D04F2C9969E600CB7EE8 /* Product.swift */,
				BF96CA372CA40E63004F7BE9 /* Register.swift */,
				BFA057D72CAEA18900890399 /* Profile.swift */,
			);
			path = Entities;
			sourceTree = "<group>";
		};
		BF25D05E2C9AAE2200CB7EE8 /* ProductScene */ = {
			isa = PBXGroup;
			children = (
				BF25D0622C9AAEC400CB7EE8 /* ListPorudcts */,
				BF25D0612C9AAE9400CB7EE8 /* Flow */,
			);
			path = ProductScene;
			sourceTree = "<group>";
		};
		BF25D05F2C9AAE5B00CB7EE8 /* ViewModels */ = {
			isa = PBXGroup;
			children = (
				BF25D0632C9AAEFC00CB7EE8 /* ProductListViewModel.swift */,
			);
			path = ViewModels;
			sourceTree = "<group>";
		};
		BF25D0602C9AAE7300CB7EE8 /* View */ = {
			isa = PBXGroup;
			children = (
				BF25D0692C9AB14A00CB7EE8 /* ProductListViewController.swift */,
				BF25D0902C9C01F000CB7EE8 /* ProductListViewController.xib */,
			);
			path = View;
			sourceTree = "<group>";
		};
		BF25D0612C9AAE9400CB7EE8 /* Flow */ = {
			isa = PBXGroup;
			children = (
				BF5B32622C92E4F70063CA29 /* HomeCoordinator.swift */,
			);
			path = Flow;
			sourceTree = "<group>";
		};
		BF25D0622C9AAEC400CB7EE8 /* ListPorudcts */ = {
			isa = PBXGroup;
			children = (
				BF25D05F2C9AAE5B00CB7EE8 /* ViewModels */,
				BF25D0602C9AAE7300CB7EE8 /* View */,
			);
			path = ListPorudcts;
			sourceTree = "<group>";
		};
		BF25D0A72C9D2A9F00CB7EE8 /* Loading */ = {
			isa = PBXGroup;
			children = (
				BF25D0A92C9D2AC700CB7EE8 /* View */,
				BF25D0A82C9D2AC100CB7EE8 /* ViewModel */,
			);
			path = Loading;
			sourceTree = "<group>";
		};
		BF25D0A82C9D2AC100CB7EE8 /* ViewModel */ = {
			isa = PBXGroup;
			children = (
				BF1E66502CAC5232001C48E9 /* LoadingViewModel.swift */,
			);
			path = ViewModel;
			sourceTree = "<group>";
		};
		BF25D0A92C9D2AC700CB7EE8 /* View */ = {
			isa = PBXGroup;
			children = (
				BF25D0AA2C9D2ADB00CB7EE8 /* LoadingViewController.swift */,
				BF25D0AB2C9D2ADB00CB7EE8 /* LoadingViewController.xib */,
			);
			path = View;
			sourceTree = "<group>";
		};
		BF25D0B02C9D2E0700CB7EE8 /* ViewCustom */ = {
			isa = PBXGroup;
			children = (
				BFCF72592CA3ED9200208985 /* TextFieldCustom */,
				BF4244EF2C9D630200F43C8B /* ButtonCustom */,
				BF4244EA2C9D598300F43C8B /* LabelCustom */,
			);
			path = ViewCustom;
			sourceTree = "<group>";
		};
		BF4244EA2C9D598300F43C8B /* LabelCustom */ = {
			isa = PBXGroup;
			children = (
				BF25D0B12C9D2E1500CB7EE8 /* HeadingLabel.swift */,
				BF4244EB2C9D599800F43C8B /* BodyLabel.swift */,
				BF4244ED2C9D5A4C00F43C8B /* DescriptionLabel.swift */,
			);
			path = LabelCustom;
			sourceTree = "<group>";
		};
		BF4244EF2C9D630200F43C8B /* ButtonCustom */ = {
			isa = PBXGroup;
			children = (
				BF4244F02C9D634F00F43C8B /* FullButton.swift */,
				BF4244F42CA1589B00F43C8B /* BaseButton.swift */,
				BF4244F62CA15A4600F43C8B /* LightButton.swift */,
				BF4244F82CA15C3F00F43C8B /* OutlineButton.swift */,
				BF869EE62CA1699100B59D8B /* FullNormalButton.swift */,
				BF869EE82CA16CFB00B59D8B /* OutlineNormalButton.swift */,
				BF869EF22CA2A03900B59D8B /* GhostButton.swift */,
			);
			path = ButtonCustom;
			sourceTree = "<group>";
		};
		BF5B32212C92E3E00063CA29 = {
			isa = PBXGroup;
			children = (
				BF5B322C2C92E3E00063CA29 /* Shang_Buyer */,
				BF5B32432C92E3E20063CA29 /* Shang_BuyerTests */,
				BF5B324D2C92E3E20063CA29 /* Shang_BuyerUITests */,
				BF5B322B2C92E3E00063CA29 /* Products */,
			);
			sourceTree = "<group>";
		};
		BF5B322B2C92E3E00063CA29 /* Products */ = {
			isa = PBXGroup;
			children = (
				BF5B322A2C92E3E00063CA29 /* Shang_Buyer.app */,
				BF5B32402C92E3E20063CA29 /* Shang_BuyerTests.xctest */,
				BF5B324A2C92E3E20063CA29 /* Shang_BuyerUITests.xctest */,
			);
			name = Products;
			sourceTree = "<group>";
		};
		BF5B322C2C92E3E00063CA29 /* Shang_Buyer */ = {
			isa = PBXGroup;
			children = (
				BF5B323B2C92E3E20063CA29 /* Info.plist */,
				BF5B32752C92F1020063CA29 /* Common */,
				BF5B325D2C92E4780063CA29 /* Application */,
				BF5B32662C92E62A0063CA29 /* Data */,
				BF5B32672C92E6300063CA29 /* Domain */,
				BF5B32682C92E6460063CA29 /* Presentation */,
				BF5B325E2C92E48E0063CA29 /* Rescources */,
			);
			path = Shang_Buyer;
			sourceTree = "<group>";
		};
		BF5B32432C92E3E20063CA29 /* Shang_BuyerTests */ = {
			isa = PBXGroup;
			children = (
				BF5B32442C92E3E20063CA29 /* Shang_BuyerTests.swift */,
			);
			path = Shang_BuyerTests;
			sourceTree = "<group>";
		};
		BF5B324D2C92E3E20063CA29 /* Shang_BuyerUITests */ = {
			isa = PBXGroup;
			children = (
				BF5B324E2C92E3E20063CA29 /* Shang_BuyerUITests.swift */,
				BF5B32502C92E3E20063CA29 /* Shang_BuyerUITestsLaunchTests.swift */,
			);
			path = Shang_BuyerUITests;
			sourceTree = "<group>";
		};
		BF5B325D2C92E4780063CA29 /* Application */ = {
			isa = PBXGroup;
			children = (
				BF5B325F2C92E4B90063CA29 /* Coordinator */,
				BF5B322D2C92E3E00063CA29 /* AppDelegate.swift */,
				BF5B322F2C92E3E00063CA29 /* SceneDelegate.swift */,
				BF25D06D2C9AC0D100CB7EE8 /* DIContainer.swift */,
			);
			path = Application;
			sourceTree = "<group>";
		};
		BF5B325E2C92E48E0063CA29 /* Rescources */ = {
			isa = PBXGroup;
			children = (
				BF25D02E2C97235200CB7EE8 /* Font */,
				BF5B32362C92E3E20063CA29 /* Assets.xcassets */,
				BF25D0A12C9C0BC000CB7EE8 /* Localizable.xcstrings */,
			);
			path = Rescources;
			sourceTree = "<group>";
		};
		BF5B325F2C92E4B90063CA29 /* Coordinator */ = {
			isa = PBXGroup;
			children = (
				BF5B32602C92E4E10063CA29 /* Coordinator.swift */,
			);
			path = Coordinator;
			sourceTree = "<group>";
		};
		BF5B32662C92E62A0063CA29 /* Data */ = {
			isa = PBXGroup;
			children = (
				BF5B326A2C92E6990063CA29 /* Service */,
				BF5B32692C92E6820063CA29 /* Repositories */,
			);
			path = Data;
			sourceTree = "<group>";
		};
		BF5B32672C92E6300063CA29 /* Domain */ = {
			isa = PBXGroup;
			children = (
				BF25D04E2C9883B200CB7EE8 /* Entities */,
				BF5B326C2C92E6A90063CA29 /* UseCases */,
			);
			path = Domain;
			sourceTree = "<group>";
		};
		BF5B32682C92E6460063CA29 /* Presentation */ = {
			isa = PBXGroup;
			children = (
				BF1E66762CAD2E52001C48E9 /* ProfileScene */,
				BF1E666F2CAD2DFE001C48E9 /* WalletScene */,
				BF1E66682CAD2D5A001C48E9 /* OrderScene */,
				BF1E66602CAD2457001C48E9 /* CartScene */,
				BF1E665A2CAD242E001C48E9 /* HomeScene */,
				BFAF1D882CA845B30085609C /* TabScene */,
				BF25D05E2C9AAE2200CB7EE8 /* ProductScene */,
				BF25D02D2C971AE000CB7EE8 /* Launch */,
				BF5B326E2C92EB800063CA29 /* AuthScene */,
			);
			path = Presentation;
			sourceTree = "<group>";
		};
		BF5B32692C92E6820063CA29 /* Repositories */ = {
			isa = PBXGroup;
			children = (
				BF25D05C2C99756300CB7EE8 /* ProductRepository.swift */,
				BF96CA352CA40E1E004F7BE9 /* AuthRepository.swift */,
				BF1E66472CABF95A001C48E9 /* ProfileRepository.swift */,
			);
			path = Repositories;
			sourceTree = "<group>";
		};
		BF5B326A2C92E6990063CA29 /* Service */ = {
			isa = PBXGroup;
			children = (
				BF25D0582C9972EE00CB7EE8 /* APIService.swift */,
				BF25D0702C9ADA5B00CB7EE8 /* AuthService.swift */,
			);
			path = Service;
			sourceTree = "<group>";
		};
		BF5B326C2C92E6A90063CA29 /* UseCases */ = {
			isa = PBXGroup;
			children = (
				BF1E664D2CAC508A001C48E9 /* ProfileUseCase */,
				BF96CA392CA4151C004F7BE9 /* AuthUseCase */,
				BF25D0542C996AF400CB7EE8 /* GetProductsUseCase.swift */,
			);
			path = UseCases;
			sourceTree = "<group>";
		};
		BF5B326E2C92EB800063CA29 /* AuthScene */ = {
			isa = PBXGroup;
			children = (
				BFEB4E202CAAAE890033F950 /* SuccessfullyRegister */,
				BFAF1D8F2CAA7DB00085609C /* LoginWithEmail */,
				BF96CA3C2CA568E5004F7BE9 /* VerifyOTP */,
				BFCF72522CA3EC8500208985 /* Register */,
				BFCF723E2CA2A43F00208985 /* Flow */,
				BF869EEB2CA2973E00B59D8B /* LoginMetholSelection */,
				BF25D0A72C9D2A9F00CB7EE8 /* Loading */,
			);
			path = AuthScene;
			sourceTree = "<group>";
		};
		BF5B32752C92F1020063CA29 /* Common */ = {
			isa = PBXGroup;
			children = (
				BF5B327C2C92F4C10063CA29 /* Extensions */,
				BF5B327B2C92F4B60063CA29 /* Utilities */,
				BF5B327A2C92F49F0063CA29 /* Enums */,
				BF5B32762C92F10A0063CA29 /* Constant */,
			);
			path = Common;
			sourceTree = "<group>";
		};
		BF5B32762C92F10A0063CA29 /* Constant */ = {
			isa = PBXGroup;
			children = (
				BF5B32772C92F3250063CA29 /* AppApi.swift */,
			);
			path = Constant;
			sourceTree = "<group>";
		};
		BF5B327A2C92F49F0063CA29 /* Enums */ = {
			isa = PBXGroup;
			children = (
				BF25D0992C9C089400CB7EE8 /* UserDefaultsKey.swift */,
				BF25D0482C9821C400CB7EE8 /* MenuOption.swift */,
				BF25D0A32C9C121300CB7EE8 /* LocalizableKey.swift */,
				BF4244E82C9D581800F43C8B /* FontWeight.swift */,
				BF4244F22C9D679A00F43C8B /* ButtonType.swift */,
				BFAF1D9B2CAA8FBF0085609C /* HTTPStatus.swift */,
			);
			path = Enums;
			sourceTree = "<group>";
		};
		BF5B327B2C92F4B60063CA29 /* Utilities */ = {
			isa = PBXGroup;
			children = (
				BF25D0B02C9D2E0700CB7EE8 /* ViewCustom */,
				BF25D04A2C9821F100CB7EE8 /* AuthInterceptor.swift */,
				BF25D05A2C9973B000CB7EE8 /* TokenManager.swift */,
			);
			path = Utilities;
			sourceTree = "<group>";
		};
		BF5B327C2C92F4C10063CA29 /* Extensions */ = {
			isa = PBXGroup;
			children = (
				BF1E66452CABE396001C48E9 /* UserDefaults+Extension.swift */,
				BF25D03A2C97239400CB7EE8 /* Button+Extension.swift */,
				BF25D0352C97239400CB7EE8 /* Date+Extension.swift */,
				BF25D0372C97239400CB7EE8 /* String+Extension.swift */,
				BF25D0322C97239400CB7EE8 /* TextField+Extension.swift */,
				BF25D0312C97239400CB7EE8 /* UICollectionView+Extension.swift */,
				BF25D0382C97239400CB7EE8 /* UIColor+Extension.swift */,
				BF25D0332C97239400CB7EE8 /* UIFont+Extension.swift */,
				BF25D0362C97239400CB7EE8 /* UITableView+Extension.swift */,
				BF25D0342C97239400CB7EE8 /* UIView+Extension.swift */,
				BF25D0392C97239400CB7EE8 /* UIViewController+Extension.swift */,
				BF25D0AE2C9D2C5300CB7EE8 /* UILabel+Extension.swift */,
				BFCF72632CA4042C00208985 /* UIImage+Extension.swift */,
			);
			path = Extensions;
			sourceTree = "<group>";
		};
		BF869EEB2CA2973E00B59D8B /* LoginMetholSelection */ = {
			isa = PBXGroup;
			children = (
				BF869EED2CA2977900B59D8B /* ViewModel */,
				BF869EEC2CA2977500B59D8B /* View */,
			);
			path = LoginMetholSelection;
			sourceTree = "<group>";
		};
		BF869EEC2CA2977500B59D8B /* View */ = {
			isa = PBXGroup;
			children = (
				BF869EEE2CA297A800B59D8B /* LoginMethodSelectionViewController.swift */,
				BF869EEF2CA297A800B59D8B /* LoginMethodSelectionViewController.xib */,
			);
			path = View;
			sourceTree = "<group>";
		};
		BF869EED2CA2977900B59D8B /* ViewModel */ = {
			isa = PBXGroup;
			children = (
			);
			path = ViewModel;
			sourceTree = "<group>";
		};
		BF96CA392CA4151C004F7BE9 /* AuthUseCase */ = {
			isa = PBXGroup;
			children = (
				BF96CA3A2CA4152C004F7BE9 /* RegisterUseCase.swift */,
				BFAF1D7D2CA6A0CA0085609C /* VerifyOTPUseCase.swift */,
				BFAF1D992CAA807C0085609C /* LoginEmailUseCase.swift */,
			);
			path = AuthUseCase;
			sourceTree = "<group>";
		};
		BF96CA3C2CA568E5004F7BE9 /* VerifyOTP */ = {
			isa = PBXGroup;
			children = (
				BF96CA3E2CA568F5004F7BE9 /* ViewModel */,
				BF96CA3D2CA568F2004F7BE9 /* View */,
			);
			path = VerifyOTP;
			sourceTree = "<group>";
		};
		BF96CA3D2CA568F2004F7BE9 /* View */ = {
			isa = PBXGroup;
			children = (
				BF96CBD72CA56AF500066A1F /* VerifyOTPViewController.swift */,
				BF96CBD82CA56AF500066A1F /* VerifyOTPViewController.xib */,
			);
			path = View;
			sourceTree = "<group>";
		};
		BF96CA3E2CA568F5004F7BE9 /* ViewModel */ = {
			isa = PBXGroup;
			children = (
				BFAF1D7F2CA6A18A0085609C /* VerifyOTPViewModel.swift */,
			);
			path = ViewModel;
			sourceTree = "<group>";
		};
		BFA057D22CAE9E5200890399 /* ProfileCell */ = {
			isa = PBXGroup;
			children = (
				BFA057DC2CAFF3D100890399 /* ProfileTableViewCell.swift */,
				BFA057DD2CAFF3D100890399 /* ProfileTableViewCell.xib */,
			);
			path = ProfileCell;
			sourceTree = "<group>";
		};
		BFA057D92CAEA53700890399 /* ViewModel */ = {
			isa = PBXGroup;
			children = (
				BFA057DA2CAEA56B00890399 /* ProfileViewModel.swift */,
			);
			path = ViewModel;
			sourceTree = "<group>";
		};
		BFAF1D812CA838A00085609C /* Response */ = {
			isa = PBXGroup;
			children = (
				BFAF1D822CA838AE0085609C /* AuthResponse.swift */,
				BF1E66492CABF9A6001C48E9 /* ProfileResponse.swift */,
				BF1E664B2CAC061C001C48E9 /* ErrorResponse.swift */,
			);
			path = Response;
			sourceTree = "<group>";
		};
		BFAF1D882CA845B30085609C /* TabScene */ = {
			isa = PBXGroup;
			children = (
				BF1E66522CAD2155001C48E9 /* TabBar */,
				BFAF1D892CA845E40085609C /* MainPage */,
			);
			path = TabScene;
			sourceTree = "<group>";
		};
		BFAF1D892CA845E40085609C /* MainPage */ = {
			isa = PBXGroup;
			children = (
				BFAF1D8A2CA845F70085609C /* View */,
			);
			path = MainPage;
			sourceTree = "<group>";
		};
		BFAF1D8A2CA845F70085609C /* View */ = {
			isa = PBXGroup;
			children = (
				BFAF1D8B2CA846060085609C /* MainPageViewController.swift */,
				BFAF1D8C2CA846060085609C /* MainPageViewController.xib */,
			);
			path = View;
			sourceTree = "<group>";
		};
		BFAF1D8F2CAA7DB00085609C /* LoginWithEmail */ = {
			isa = PBXGroup;
			children = (
				BFAF1D912CAA7DE20085609C /* ViewModel */,
				BFAF1D902CAA7DDF0085609C /* View */,
			);
			path = LoginWithEmail;
			sourceTree = "<group>";
		};
		BFAF1D902CAA7DDF0085609C /* View */ = {
			isa = PBXGroup;
			children = (
				BFAF1D922CAA7DF60085609C /* LoginWithEmailViewController.swift */,
				BFAF1D932CAA7DF60085609C /* LoginWithEmailViewController.xib */,
			);
			path = View;
			sourceTree = "<group>";
		};
		BFAF1D912CAA7DE20085609C /* ViewModel */ = {
			isa = PBXGroup;
			children = (
				BFAF1D972CAA7F1B0085609C /* LoginWithEmailViewModel.swift */,
			);
			path = ViewModel;
			sourceTree = "<group>";
		};
		BFCF723E2CA2A43F00208985 /* Flow */ = {
			isa = PBXGroup;
			children = (
				BFCF723F2CA2A45100208985 /* AuthCoordinator.swift */,
			);
			path = Flow;
			sourceTree = "<group>";
		};
		BFCF72522CA3EC8500208985 /* Register */ = {
			isa = PBXGroup;
			children = (
				BFCF72542CA3EC8F00208985 /* View */,
				BFCF72532CA3EC8C00208985 /* ViewModel */,
			);
			path = Register;
			sourceTree = "<group>";
		};
		BFCF72532CA3EC8C00208985 /* ViewModel */ = {
			isa = PBXGroup;
			children = (
				BFCF72602CA3FB6B00208985 /* RegisterViewModel.swift */,
			);
			path = ViewModel;
			sourceTree = "<group>";
		};
		BFCF72542CA3EC8F00208985 /* View */ = {
			isa = PBXGroup;
			children = (
				BFCF72552CA3EC9C00208985 /* RegisterViewController.swift */,
				BFCF72562CA3EC9C00208985 /* RegisterViewController.xib */,
			);
			path = View;
			sourceTree = "<group>";
		};
		BFCF72592CA3ED9200208985 /* TextFieldCustom */ = {
			isa = PBXGroup;
			children = (
				BF96CA442CA56A09004F7BE9 /* OTPTextField.swift */,
				BFCF725A2CA3EDA300208985 /* BaseField.swift */,
				BFCF725C2CA3EF4000208985 /* NormalField.swift */,
			);
			path = TextFieldCustom;
			sourceTree = "<group>";
		};
		BFEB4E202CAAAE890033F950 /* SuccessfullyRegister */ = {
			isa = PBXGroup;
			children = (
				BFEB4E222CAAAE980033F950 /* ViewModel */,
				BFEB4E212CAAAE960033F950 /* View */,
			);
			path = SuccessfullyRegister;
			sourceTree = "<group>";
		};
		BFEB4E212CAAAE960033F950 /* View */ = {
			isa = PBXGroup;
			children = (
				BFEB4E272CAAB1310033F950 /* SuccessfullyRegisterViewController.swift */,
				BFEB4E282CAAB1310033F950 /* SuccessfullyRegisterViewController.xib */,
			);
			path = View;
			sourceTree = "<group>";
		};
		BFEB4E222CAAAE980033F950 /* ViewModel */ = {
			isa = PBXGroup;
			children = (
			);
			path = ViewModel;
			sourceTree = "<group>";
		};
/* End PBXGroup section */

/* Begin PBXNativeTarget section */
		BF5B32292C92E3E00063CA29 /* Shang_Buyer */ = {
			isa = PBXNativeTarget;
			buildConfigurationList = BF5B32542C92E3E20063CA29 /* Build configuration list for PBXNativeTarget "Shang_Buyer" */;
			buildPhases = (
				BF5B32262C92E3E00063CA29 /* Sources */,
				BF5B32272C92E3E00063CA29 /* Frameworks */,
				BF5B32282C92E3E00063CA29 /* Resources */,
			);
			buildRules = (
			);
			dependencies = (
			);
			name = Shang_Buyer;
			packageProductDependencies = (
				BF25D0202C971A5B00CB7EE8 /* Kingfisher */,
				BF25D0232C971A6600CB7EE8 /* IQKeyboardManagerSwift */,
				BF25D0262C971A7700CB7EE8 /* Alamofire */,
				BF25D02B2C971ABE00CB7EE8 /* ProgressHUD */,
			);
			productName = Shang_Buyer;
			productReference = BF5B322A2C92E3E00063CA29 /* Shang_Buyer.app */;
			productType = "com.apple.product-type.application";
		};
		BF5B323F2C92E3E20063CA29 /* Shang_BuyerTests */ = {
			isa = PBXNativeTarget;
			buildConfigurationList = BF5B32572C92E3E20063CA29 /* Build configuration list for PBXNativeTarget "Shang_BuyerTests" */;
			buildPhases = (
				BF5B323C2C92E3E20063CA29 /* Sources */,
				BF5B323D2C92E3E20063CA29 /* Frameworks */,
				BF5B323E2C92E3E20063CA29 /* Resources */,
			);
			buildRules = (
			);
			dependencies = (
				BF5B32422C92E3E20063CA29 /* PBXTargetDependency */,
			);
			name = Shang_BuyerTests;
			productName = Shang_BuyerTests;
			productReference = BF5B32402C92E3E20063CA29 /* Shang_BuyerTests.xctest */;
			productType = "com.apple.product-type.bundle.unit-test";
		};
		BF5B32492C92E3E20063CA29 /* Shang_BuyerUITests */ = {
			isa = PBXNativeTarget;
			buildConfigurationList = BF5B325A2C92E3E20063CA29 /* Build configuration list for PBXNativeTarget "Shang_BuyerUITests" */;
			buildPhases = (
				BF5B32462C92E3E20063CA29 /* Sources */,
				BF5B32472C92E3E20063CA29 /* Frameworks */,
				BF5B32482C92E3E20063CA29 /* Resources */,
			);
			buildRules = (
			);
			dependencies = (
				BF5B324C2C92E3E20063CA29 /* PBXTargetDependency */,
			);
			name = Shang_BuyerUITests;
			productName = Shang_BuyerUITests;
			productReference = BF5B324A2C92E3E20063CA29 /* Shang_BuyerUITests.xctest */;
			productType = "com.apple.product-type.bundle.ui-testing";
		};
/* End PBXNativeTarget section */

/* Begin PBXProject section */
		BF5B32222C92E3E00063CA29 /* Project object */ = {
			isa = PBXProject;
			attributes = {
				BuildIndependentTargetsInParallel = 1;
				LastSwiftUpdateCheck = 1520;
				LastUpgradeCheck = 1520;
				TargetAttributes = {
					BF5B32292C92E3E00063CA29 = {
						CreatedOnToolsVersion = 15.2;
					};
					BF5B323F2C92E3E20063CA29 = {
						CreatedOnToolsVersion = 15.2;
						TestTargetID = BF5B32292C92E3E00063CA29;
					};
					BF5B32492C92E3E20063CA29 = {
						CreatedOnToolsVersion = 15.2;
						TestTargetID = BF5B32292C92E3E00063CA29;
					};
				};
			};
			buildConfigurationList = BF5B32252C92E3E00063CA29 /* Build configuration list for PBXProject "Shang_Buyer" */;
			compatibilityVersion = "Xcode 14.0";
			developmentRegion = en;
			hasScannedForEncodings = 0;
			knownRegions = (
				en,
				Base,
				vi,
			);
			mainGroup = BF5B32212C92E3E00063CA29;
			packageReferences = (
				BF25D01F2C971A5B00CB7EE8 /* XCRemoteSwiftPackageReference "Kingfisher" */,
				BF25D0222C971A6600CB7EE8 /* XCRemoteSwiftPackageReference "IQKeyboardManager" */,
				BF25D0252C971A7700CB7EE8 /* XCRemoteSwiftPackageReference "Alamofire" */,
				BF25D02A2C971ABE00CB7EE8 /* XCRemoteSwiftPackageReference "ProgressHUD" */,
			);
			productRefGroup = BF5B322B2C92E3E00063CA29 /* Products */;
			projectDirPath = "";
			projectRoot = "";
			targets = (
				BF5B32292C92E3E00063CA29 /* Shang_Buyer */,
				BF5B323F2C92E3E20063CA29 /* Shang_BuyerTests */,
				BF5B32492C92E3E20063CA29 /* Shang_BuyerUITests */,
			);
		};
/* End PBXProject section */

/* Begin PBXResourcesBuildPhase section */
		BF5B32282C92E3E00063CA29 /* Resources */ = {
			isa = PBXResourcesBuildPhase;
			buildActionMask = 2147483647;
			files = (
				BF25D0AD2C9D2ADB00CB7EE8 /* LoadingViewController.xib in Resources */,
				BFCF72582CA3EC9C00208985 /* RegisterViewController.xib in Resources */,
				BF1E665F2CAD244B001C48E9 /* HomeViewController.xib in Resources */,
				BFA057DF2CAFF3D100890399 /* ProfileTableViewCell.xib in Resources */,
				BF5B323A2C92E3E20063CA29 /* LaunchScreen.storyboard in Resources */,
				BF5B32372C92E3E20063CA29 /* Assets.xcassets in Resources */,
				BFEB4E2A2CAAB1310033F950 /* SuccessfullyRegisterViewController.xib in Resources */,
				BF25D0A22C9C0BC000CB7EE8 /* Localizable.xcstrings in Resources */,
				BF25D0302C97237900CB7EE8 /* Inter-VariableFont_opsz,wght.ttf in Resources */,
				BF96CBDA2CA56AF500066A1F /* VerifyOTPViewController.xib in Resources */,
				BF25D08F2C9C01F000CB7EE8 /* ProductListViewController.xib in Resources */,
				BFAF1D8E2CA846060085609C /* MainPageViewController.xib in Resources */,
				BF869EF12CA297A800B59D8B /* LoginMethodSelectionViewController.xib in Resources */,
				BF1E66672CAD248E001C48E9 /* CartViewController.xib in Resources */,
				BFAF1D952CAA7DF60085609C /* LoginWithEmailViewController.xib in Resources */,
				BF1E666E2CAD2DAE001C48E9 /* MyOrderViewController.xib in Resources */,
				BF1E667C2CAD2E70001C48E9 /* ProfileViewController.xib in Resources */,
				BF1E66752CAD2E20001C48E9 /* MyEWalletViewController.xib in Resources */,
			);
			runOnlyForDeploymentPostprocessing = 0;
		};
		BF5B323E2C92E3E20063CA29 /* Resources */ = {
			isa = PBXResourcesBuildPhase;
			buildActionMask = 2147483647;
			files = (
			);
			runOnlyForDeploymentPostprocessing = 0;
		};
		BF5B32482C92E3E20063CA29 /* Resources */ = {
			isa = PBXResourcesBuildPhase;
			buildActionMask = 2147483647;
			files = (
			);
			runOnlyForDeploymentPostprocessing = 0;
		};
/* End PBXResourcesBuildPhase section */

/* Begin PBXSourcesBuildPhase section */
		BF5B32262C92E3E00063CA29 /* Sources */ = {
			isa = PBXSourcesBuildPhase;
			buildActionMask = 2147483647;
			files = (
				BF25D03B2C97239400CB7EE8 /* UICollectionView+Extension.swift in Sources */,
				BF25D0642C9AAEFC00CB7EE8 /* ProductListViewModel.swift in Sources */,
				BF5B32612C92E4E10063CA29 /* Coordinator.swift in Sources */,
				BF869EE92CA16CFB00B59D8B /* OutlineNormalButton.swift in Sources */,
				BF869EE72CA1699100B59D8B /* FullNormalButton.swift in Sources */,
				BFAF1D982CAA7F1B0085609C /* LoginWithEmailViewModel.swift in Sources */,
				BF25D03F2C97239400CB7EE8 /* Date+Extension.swift in Sources */,
				BF4244F12C9D634F00F43C8B /* FullButton.swift in Sources */,
				BF25D0492C9821C400CB7EE8 /* MenuOption.swift in Sources */,
				BF25D0432C97239400CB7EE8 /* UIViewController+Extension.swift in Sources */,
				BFCF72402CA2A45100208985 /* AuthCoordinator.swift in Sources */,
				BFCF725B2CA3EDA300208985 /* BaseField.swift in Sources */,
				BFEB4E292CAAB1310033F950 /* SuccessfullyRegisterViewController.swift in Sources */,
				BF1E666D2CAD2DAE001C48E9 /* MyOrderViewController.swift in Sources */,
				BF4244F72CA15A4600F43C8B /* LightButton.swift in Sources */,
				BF5B32782C92F3250063CA29 /* AppApi.swift in Sources */,
				BF25D0A42C9C121300CB7EE8 /* LocalizableKey.swift in Sources */,
				BFAF1D832CA838AE0085609C /* AuthResponse.swift in Sources */,
				BF4244E92C9D581800F43C8B /* FontWeight.swift in Sources */,
				BF5B32632C92E4F70063CA29 /* HomeCoordinator.swift in Sources */,
				BF4244F52CA1589B00F43C8B /* BaseButton.swift in Sources */,
				BFA057DE2CAFF3D100890399 /* ProfileTableViewCell.swift in Sources */,
				BFCF72642CA4042C00208985 /* UIImage+Extension.swift in Sources */,
				BF25D04B2C9821F100CB7EE8 /* AuthInterceptor.swift in Sources */,
				BF25D0422C97239400CB7EE8 /* UIColor+Extension.swift in Sources */,
				BF1E66512CAC5232001C48E9 /* LoadingViewModel.swift in Sources */,
				BF25D03E2C97239400CB7EE8 /* UIView+Extension.swift in Sources */,
				BF4244F92CA15C3F00F43C8B /* OutlineButton.swift in Sources */,
				BF25D05D2C99756300CB7EE8 /* ProductRepository.swift in Sources */,
				BF25D06B2C9AB14A00CB7EE8 /* ProductListViewController.swift in Sources */,
				BF5B322E2C92E3E00063CA29 /* AppDelegate.swift in Sources */,
				BF1E664F2CAC5097001C48E9 /* GetProfileUseCase.swift in Sources */,
				BF1E66742CAD2E20001C48E9 /* MyEWalletViewController.swift in Sources */,
				BF25D0402C97239400CB7EE8 /* UITableView+Extension.swift in Sources */,
				BFAF1D9A2CAA807C0085609C /* LoginEmailUseCase.swift in Sources */,
				BFCF725D2CA3EF4000208985 /* NormalField.swift in Sources */,
				BFAF1D942CAA7DF60085609C /* LoginWithEmailViewController.swift in Sources */,
				BFA057DB2CAEA56B00890399 /* ProfileViewModel.swift in Sources */,
				BF96CA3B2CA4152C004F7BE9 /* RegisterUseCase.swift in Sources */,
				BF1E664C2CAC061C001C48E9 /* ErrorResponse.swift in Sources */,
				BF96CA452CA56A09004F7BE9 /* OTPTextField.swift in Sources */,
				BF25D09A2C9C089400CB7EE8 /* UserDefaultsKey.swift in Sources */,
				BF5B32302C92E3E00063CA29 /* SceneDelegate.swift in Sources */,
				BF4244EE2C9D5A4C00F43C8B /* DescriptionLabel.swift in Sources */,
				BF96CA382CA40E63004F7BE9 /* Register.swift in Sources */,
				BF96CA362CA40E1E004F7BE9 /* AuthRepository.swift in Sources */,
				BFAF1D7E2CA6A0CA0085609C /* VerifyOTPUseCase.swift in Sources */,
				BF25D0552C996AF400CB7EE8 /* GetProductsUseCase.swift in Sources */,
				BF4244EC2C9D599800F43C8B /* BodyLabel.swift in Sources */,
				BFAF1D8D2CA846060085609C /* MainPageViewController.swift in Sources */,
				BFCF72572CA3EC9C00208985 /* RegisterViewController.swift in Sources */,
				BF25D0502C9969E600CB7EE8 /* Product.swift in Sources */,
				BF25D03C2C97239400CB7EE8 /* TextField+Extension.swift in Sources */,
				BF869EF32CA2A03A00B59D8B /* GhostButton.swift in Sources */,
				BFA057D82CAEA18900890399 /* Profile.swift in Sources */,
				BFAF1D9C2CAA8FBF0085609C /* HTTPStatus.swift in Sources */,
				BF1E66462CABE396001C48E9 /* UserDefaults+Extension.swift in Sources */,
				BF1E66662CAD248E001C48E9 /* CartViewController.swift in Sources */,
				BF25D0412C97239400CB7EE8 /* String+Extension.swift in Sources */,
				BFCF72612CA3FB6B00208985 /* RegisterViewModel.swift in Sources */,
				BF96CBD92CA56AF500066A1F /* VerifyOTPViewController.swift in Sources */,
				BF25D0AF2C9D2C5300CB7EE8 /* UILabel+Extension.swift in Sources */,
				BF25D03D2C97239400CB7EE8 /* UIFont+Extension.swift in Sources */,
				BF25D0AC2C9D2ADB00CB7EE8 /* LoadingViewController.swift in Sources */,
				BFAF1D802CA6A18A0085609C /* VerifyOTPViewModel.swift in Sources */,
				BF1E665E2CAD244B001C48E9 /* HomeViewController.swift in Sources */,
				BF1E664A2CABF9A6001C48E9 /* ProfileResponse.swift in Sources */,
				BF1E66482CABF95A001C48E9 /* ProfileRepository.swift in Sources */,
				BF25D05B2C9973B100CB7EE8 /* TokenManager.swift in Sources */,
				BF25D0592C9972EE00CB7EE8 /* APIService.swift in Sources */,
				BF25D06E2C9AC0D100CB7EE8 /* DIContainer.swift in Sources */,
				BF25D0442C97239400CB7EE8 /* Button+Extension.swift in Sources */,
				BF4244F32C9D679A00F43C8B /* ButtonType.swift in Sources */,
				BF25D0B22C9D2E1500CB7EE8 /* HeadingLabel.swift in Sources */,
				BF869EF02CA297A800B59D8B /* LoginMethodSelectionViewController.swift in Sources */,
				BF1E667B2CAD2E70001C48E9 /* ProfileViewController.swift in Sources */,
				BF1E66592CAD21C4001C48E9 /* TabViewController.swift in Sources */,
				BF25D0712C9ADA5B00CB7EE8 /* AuthService.swift in Sources */,
			);
			runOnlyForDeploymentPostprocessing = 0;
		};
		BF5B323C2C92E3E20063CA29 /* Sources */ = {
			isa = PBXSourcesBuildPhase;
			buildActionMask = 2147483647;
			files = (
				BF5B32452C92E3E20063CA29 /* Shang_BuyerTests.swift in Sources */,
			);
			runOnlyForDeploymentPostprocessing = 0;
		};
		BF5B32462C92E3E20063CA29 /* Sources */ = {
			isa = PBXSourcesBuildPhase;
			buildActionMask = 2147483647;
			files = (
				BF5B32512C92E3E20063CA29 /* Shang_BuyerUITestsLaunchTests.swift in Sources */,
				BF5B324F2C92E3E20063CA29 /* Shang_BuyerUITests.swift in Sources */,
			);
			runOnlyForDeploymentPostprocessing = 0;
		};
/* End PBXSourcesBuildPhase section */

/* Begin PBXTargetDependency section */
		BF5B32422C92E3E20063CA29 /* PBXTargetDependency */ = {
			isa = PBXTargetDependency;
			target = BF5B32292C92E3E00063CA29 /* Shang_Buyer */;
			targetProxy = BF5B32412C92E3E20063CA29 /* PBXContainerItemProxy */;
		};
		BF5B324C2C92E3E20063CA29 /* PBXTargetDependency */ = {
			isa = PBXTargetDependency;
			target = BF5B32292C92E3E00063CA29 /* Shang_Buyer */;
			targetProxy = BF5B324B2C92E3E20063CA29 /* PBXContainerItemProxy */;
		};
/* End PBXTargetDependency section */

/* Begin PBXVariantGroup section */
		BF5B32382C92E3E20063CA29 /* LaunchScreen.storyboard */ = {
			isa = PBXVariantGroup;
			children = (
				BF5B32392C92E3E20063CA29 /* Base */,
			);
			name = LaunchScreen.storyboard;
			sourceTree = "<group>";
		};
/* End PBXVariantGroup section */

/* Begin XCBuildConfiguration section */
		BF5B32522C92E3E20063CA29 /* Debug */ = {
			isa = XCBuildConfiguration;
			buildSettings = {
				ALWAYS_SEARCH_USER_PATHS = NO;
				ASSETCATALOG_COMPILER_GENERATE_SWIFT_ASSET_SYMBOL_EXTENSIONS = YES;
				CLANG_ANALYZER_LOCALIZABILITY_NONLOCALIZED = YES;
				CLANG_ANALYZER_NONNULL = YES;
				CLANG_ANALYZER_NUMBER_OBJECT_CONVERSION = YES_AGGRESSIVE;
				CLANG_CXX_LANGUAGE_STANDARD = "gnu++20";
				CLANG_ENABLE_MODULES = YES;
				CLANG_ENABLE_OBJC_ARC = YES;
				CLANG_ENABLE_OBJC_WEAK = YES;
				CLANG_WARN_BLOCK_CAPTURE_AUTORELEASING = YES;
				CLANG_WARN_BOOL_CONVERSION = YES;
				CLANG_WARN_COMMA = YES;
				CLANG_WARN_CONSTANT_CONVERSION = YES;
				CLANG_WARN_DEPRECATED_OBJC_IMPLEMENTATIONS = YES;
				CLANG_WARN_DIRECT_OBJC_ISA_USAGE = YES_ERROR;
				CLANG_WARN_DOCUMENTATION_COMMENTS = YES;
				CLANG_WARN_EMPTY_BODY = YES;
				CLANG_WARN_ENUM_CONVERSION = YES;
				CLANG_WARN_INFINITE_RECURSION = YES;
				CLANG_WARN_INT_CONVERSION = YES;
				CLANG_WARN_NON_LITERAL_NULL_CONVERSION = YES;
				CLANG_WARN_OBJC_IMPLICIT_RETAIN_SELF = YES;
				CLANG_WARN_OBJC_LITERAL_CONVERSION = YES;
				CLANG_WARN_OBJC_ROOT_CLASS = YES_ERROR;
				CLANG_WARN_QUOTED_INCLUDE_IN_FRAMEWORK_HEADER = YES;
				CLANG_WARN_RANGE_LOOP_ANALYSIS = YES;
				CLANG_WARN_STRICT_PROTOTYPES = YES;
				CLANG_WARN_SUSPICIOUS_MOVE = YES;
				CLANG_WARN_UNGUARDED_AVAILABILITY = YES_AGGRESSIVE;
				CLANG_WARN_UNREACHABLE_CODE = YES;
				CLANG_WARN__DUPLICATE_METHOD_MATCH = YES;
				COPY_PHASE_STRIP = NO;
				DEBUG_INFORMATION_FORMAT = dwarf;
				ENABLE_STRICT_OBJC_MSGSEND = YES;
				ENABLE_TESTABILITY = YES;
				ENABLE_USER_SCRIPT_SANDBOXING = YES;
				GCC_C_LANGUAGE_STANDARD = gnu17;
				GCC_DYNAMIC_NO_PIC = NO;
				GCC_NO_COMMON_BLOCKS = YES;
				GCC_OPTIMIZATION_LEVEL = 0;
				GCC_PREPROCESSOR_DEFINITIONS = (
					"DEBUG=1",
					"$(inherited)",
				);
				GCC_WARN_64_TO_32_BIT_CONVERSION = YES;
				GCC_WARN_ABOUT_RETURN_TYPE = YES_ERROR;
				GCC_WARN_UNDECLARED_SELECTOR = YES;
				GCC_WARN_UNINITIALIZED_AUTOS = YES_AGGRESSIVE;
				GCC_WARN_UNUSED_FUNCTION = YES;
				GCC_WARN_UNUSED_VARIABLE = YES;
				IPHONEOS_DEPLOYMENT_TARGET = 17.2;
				LOCALIZATION_PREFERS_STRING_CATALOGS = YES;
				MTL_ENABLE_DEBUG_INFO = INCLUDE_SOURCE;
				MTL_FAST_MATH = YES;
				ONLY_ACTIVE_ARCH = YES;
				SDKROOT = iphoneos;
				SWIFT_ACTIVE_COMPILATION_CONDITIONS = "DEBUG $(inherited)";
				SWIFT_OPTIMIZATION_LEVEL = "-Onone";
			};
			name = Debug;
		};
		BF5B32532C92E3E20063CA29 /* Release */ = {
			isa = XCBuildConfiguration;
			buildSettings = {
				ALWAYS_SEARCH_USER_PATHS = NO;
				ASSETCATALOG_COMPILER_GENERATE_SWIFT_ASSET_SYMBOL_EXTENSIONS = YES;
				CLANG_ANALYZER_LOCALIZABILITY_NONLOCALIZED = YES;
				CLANG_ANALYZER_NONNULL = YES;
				CLANG_ANALYZER_NUMBER_OBJECT_CONVERSION = YES_AGGRESSIVE;
				CLANG_CXX_LANGUAGE_STANDARD = "gnu++20";
				CLANG_ENABLE_MODULES = YES;
				CLANG_ENABLE_OBJC_ARC = YES;
				CLANG_ENABLE_OBJC_WEAK = YES;
				CLANG_WARN_BLOCK_CAPTURE_AUTORELEASING = YES;
				CLANG_WARN_BOOL_CONVERSION = YES;
				CLANG_WARN_COMMA = YES;
				CLANG_WARN_CONSTANT_CONVERSION = YES;
				CLANG_WARN_DEPRECATED_OBJC_IMPLEMENTATIONS = YES;
				CLANG_WARN_DIRECT_OBJC_ISA_USAGE = YES_ERROR;
				CLANG_WARN_DOCUMENTATION_COMMENTS = YES;
				CLANG_WARN_EMPTY_BODY = YES;
				CLANG_WARN_ENUM_CONVERSION = YES;
				CLANG_WARN_INFINITE_RECURSION = YES;
				CLANG_WARN_INT_CONVERSION = YES;
				CLANG_WARN_NON_LITERAL_NULL_CONVERSION = YES;
				CLANG_WARN_OBJC_IMPLICIT_RETAIN_SELF = YES;
				CLANG_WARN_OBJC_LITERAL_CONVERSION = YES;
				CLANG_WARN_OBJC_ROOT_CLASS = YES_ERROR;
				CLANG_WARN_QUOTED_INCLUDE_IN_FRAMEWORK_HEADER = YES;
				CLANG_WARN_RANGE_LOOP_ANALYSIS = YES;
				CLANG_WARN_STRICT_PROTOTYPES = YES;
				CLANG_WARN_SUSPICIOUS_MOVE = YES;
				CLANG_WARN_UNGUARDED_AVAILABILITY = YES_AGGRESSIVE;
				CLANG_WARN_UNREACHABLE_CODE = YES;
				CLANG_WARN__DUPLICATE_METHOD_MATCH = YES;
				COPY_PHASE_STRIP = NO;
				DEBUG_INFORMATION_FORMAT = "dwarf-with-dsym";
				ENABLE_NS_ASSERTIONS = NO;
				ENABLE_STRICT_OBJC_MSGSEND = YES;
				ENABLE_USER_SCRIPT_SANDBOXING = YES;
				GCC_C_LANGUAGE_STANDARD = gnu17;
				GCC_NO_COMMON_BLOCKS = YES;
				GCC_WARN_64_TO_32_BIT_CONVERSION = YES;
				GCC_WARN_ABOUT_RETURN_TYPE = YES_ERROR;
				GCC_WARN_UNDECLARED_SELECTOR = YES;
				GCC_WARN_UNINITIALIZED_AUTOS = YES_AGGRESSIVE;
				GCC_WARN_UNUSED_FUNCTION = YES;
				GCC_WARN_UNUSED_VARIABLE = YES;
				IPHONEOS_DEPLOYMENT_TARGET = 17.2;
				LOCALIZATION_PREFERS_STRING_CATALOGS = YES;
				MTL_ENABLE_DEBUG_INFO = NO;
				MTL_FAST_MATH = YES;
				SDKROOT = iphoneos;
				SWIFT_COMPILATION_MODE = wholemodule;
				VALIDATE_PRODUCT = YES;
			};
			name = Release;
		};
		BF5B32552C92E3E20063CA29 /* Debug */ = {
			isa = XCBuildConfiguration;
			buildSettings = {
				ASSETCATALOG_COMPILER_APPICON_NAME = AppIcon;
				ASSETCATALOG_COMPILER_GLOBAL_ACCENT_COLOR_NAME = AccentColor;
				CODE_SIGN_STYLE = Automatic;
				CURRENT_PROJECT_VERSION = 1;
				DEVELOPMENT_TEAM = T4A934RQX4;
				GENERATE_INFOPLIST_FILE = YES;
				INFOPLIST_FILE = Shang_Buyer/Info.plist;
				INFOPLIST_KEY_CFBundleDisplayName = FSquare;
				INFOPLIST_KEY_UIApplicationSupportsIndirectInputEvents = YES;
				INFOPLIST_KEY_UILaunchStoryboardName = LaunchScreen.storyboard;
				INFOPLIST_KEY_UISupportedInterfaceOrientations_iPad = "UIInterfaceOrientationPortrait UIInterfaceOrientationPortraitUpsideDown UIInterfaceOrientationLandscapeLeft UIInterfaceOrientationLandscapeRight";
				INFOPLIST_KEY_UISupportedInterfaceOrientations_iPhone = "UIInterfaceOrientationPortrait UIInterfaceOrientationLandscapeLeft UIInterfaceOrientationLandscapeRight";
				LD_RUNPATH_SEARCH_PATHS = (
					"$(inherited)",
					"@executable_path/Frameworks",
				);
				MARKETING_VERSION = 1.0;
				PRODUCT_BUNDLE_IDENTIFIER = "com.Shang-Buyer";
				PRODUCT_NAME = "$(TARGET_NAME)";
				SWIFT_EMIT_LOC_STRINGS = YES;
				SWIFT_VERSION = 5.0;
				TARGETED_DEVICE_FAMILY = "1,2";
			};
			name = Debug;
		};
		BF5B32562C92E3E20063CA29 /* Release */ = {
			isa = XCBuildConfiguration;
			buildSettings = {
				ASSETCATALOG_COMPILER_APPICON_NAME = AppIcon;
				ASSETCATALOG_COMPILER_GLOBAL_ACCENT_COLOR_NAME = AccentColor;
				CODE_SIGN_STYLE = Automatic;
				CURRENT_PROJECT_VERSION = 1;
				DEVELOPMENT_TEAM = T4A934RQX4;
				GENERATE_INFOPLIST_FILE = YES;
				INFOPLIST_FILE = Shang_Buyer/Info.plist;
				INFOPLIST_KEY_CFBundleDisplayName = FSquare;
				INFOPLIST_KEY_UIApplicationSupportsIndirectInputEvents = YES;
				INFOPLIST_KEY_UILaunchStoryboardName = LaunchScreen.storyboard;
				INFOPLIST_KEY_UISupportedInterfaceOrientations_iPad = "UIInterfaceOrientationPortrait UIInterfaceOrientationPortraitUpsideDown UIInterfaceOrientationLandscapeLeft UIInterfaceOrientationLandscapeRight";
				INFOPLIST_KEY_UISupportedInterfaceOrientations_iPhone = "UIInterfaceOrientationPortrait UIInterfaceOrientationLandscapeLeft UIInterfaceOrientationLandscapeRight";
				LD_RUNPATH_SEARCH_PATHS = (
					"$(inherited)",
					"@executable_path/Frameworks",
				);
				MARKETING_VERSION = 1.0;
				PRODUCT_BUNDLE_IDENTIFIER = "com.Shang-Buyer";
				PRODUCT_NAME = "$(TARGET_NAME)";
				SWIFT_EMIT_LOC_STRINGS = YES;
				SWIFT_VERSION = 5.0;
				TARGETED_DEVICE_FAMILY = "1,2";
			};
			name = Release;
		};
		BF5B32582C92E3E20063CA29 /* Debug */ = {
			isa = XCBuildConfiguration;
			buildSettings = {
				ALWAYS_EMBED_SWIFT_STANDARD_LIBRARIES = YES;
				BUNDLE_LOADER = "$(TEST_HOST)";
				CODE_SIGN_STYLE = Automatic;
				CURRENT_PROJECT_VERSION = 1;
				GENERATE_INFOPLIST_FILE = YES;
				IPHONEOS_DEPLOYMENT_TARGET = 17.2;
				MARKETING_VERSION = 1.0;
				PRODUCT_BUNDLE_IDENTIFIER = "com.Shang-BuyerTests";
				PRODUCT_NAME = "$(TARGET_NAME)";
				SWIFT_EMIT_LOC_STRINGS = NO;
				SWIFT_VERSION = 5.0;
				TARGETED_DEVICE_FAMILY = "1,2";
				TEST_HOST = "$(BUILT_PRODUCTS_DIR)/Shang_Buyer.app/$(BUNDLE_EXECUTABLE_FOLDER_PATH)/Shang_Buyer";
			};
			name = Debug;
		};
		BF5B32592C92E3E20063CA29 /* Release */ = {
			isa = XCBuildConfiguration;
			buildSettings = {
				ALWAYS_EMBED_SWIFT_STANDARD_LIBRARIES = YES;
				BUNDLE_LOADER = "$(TEST_HOST)";
				CODE_SIGN_STYLE = Automatic;
				CURRENT_PROJECT_VERSION = 1;
				GENERATE_INFOPLIST_FILE = YES;
				IPHONEOS_DEPLOYMENT_TARGET = 17.2;
				MARKETING_VERSION = 1.0;
				PRODUCT_BUNDLE_IDENTIFIER = "com.Shang-BuyerTests";
				PRODUCT_NAME = "$(TARGET_NAME)";
				SWIFT_EMIT_LOC_STRINGS = NO;
				SWIFT_VERSION = 5.0;
				TARGETED_DEVICE_FAMILY = "1,2";
				TEST_HOST = "$(BUILT_PRODUCTS_DIR)/Shang_Buyer.app/$(BUNDLE_EXECUTABLE_FOLDER_PATH)/Shang_Buyer";
			};
			name = Release;
		};
		BF5B325B2C92E3E20063CA29 /* Debug */ = {
			isa = XCBuildConfiguration;
			buildSettings = {
				ALWAYS_EMBED_SWIFT_STANDARD_LIBRARIES = YES;
				CODE_SIGN_STYLE = Automatic;
				CURRENT_PROJECT_VERSION = 1;
				GENERATE_INFOPLIST_FILE = YES;
				MARKETING_VERSION = 1.0;
				PRODUCT_BUNDLE_IDENTIFIER = "com.Shang-BuyerUITests";
				PRODUCT_NAME = "$(TARGET_NAME)";
				SWIFT_EMIT_LOC_STRINGS = NO;
				SWIFT_VERSION = 5.0;
				TARGETED_DEVICE_FAMILY = "1,2";
				TEST_TARGET_NAME = Shang_Buyer;
			};
			name = Debug;
		};
		BF5B325C2C92E3E20063CA29 /* Release */ = {
			isa = XCBuildConfiguration;
			buildSettings = {
				ALWAYS_EMBED_SWIFT_STANDARD_LIBRARIES = YES;
				CODE_SIGN_STYLE = Automatic;
				CURRENT_PROJECT_VERSION = 1;
				GENERATE_INFOPLIST_FILE = YES;
				MARKETING_VERSION = 1.0;
				PRODUCT_BUNDLE_IDENTIFIER = "com.Shang-BuyerUITests";
				PRODUCT_NAME = "$(TARGET_NAME)";
				SWIFT_EMIT_LOC_STRINGS = NO;
				SWIFT_VERSION = 5.0;
				TARGETED_DEVICE_FAMILY = "1,2";
				TEST_TARGET_NAME = Shang_Buyer;
			};
			name = Release;
		};
/* End XCBuildConfiguration section */

/* Begin XCConfigurationList section */
		BF5B32252C92E3E00063CA29 /* Build configuration list for PBXProject "Shang_Buyer" */ = {
			isa = XCConfigurationList;
			buildConfigurations = (
				BF5B32522C92E3E20063CA29 /* Debug */,
				BF5B32532C92E3E20063CA29 /* Release */,
			);
			defaultConfigurationIsVisible = 0;
			defaultConfigurationName = Release;
		};
		BF5B32542C92E3E20063CA29 /* Build configuration list for PBXNativeTarget "Shang_Buyer" */ = {
			isa = XCConfigurationList;
			buildConfigurations = (
				BF5B32552C92E3E20063CA29 /* Debug */,
				BF5B32562C92E3E20063CA29 /* Release */,
			);
			defaultConfigurationIsVisible = 0;
			defaultConfigurationName = Release;
		};
		BF5B32572C92E3E20063CA29 /* Build configuration list for PBXNativeTarget "Shang_BuyerTests" */ = {
			isa = XCConfigurationList;
			buildConfigurations = (
				BF5B32582C92E3E20063CA29 /* Debug */,
				BF5B32592C92E3E20063CA29 /* Release */,
			);
			defaultConfigurationIsVisible = 0;
			defaultConfigurationName = Release;
		};
		BF5B325A2C92E3E20063CA29 /* Build configuration list for PBXNativeTarget "Shang_BuyerUITests" */ = {
			isa = XCConfigurationList;
			buildConfigurations = (
				BF5B325B2C92E3E20063CA29 /* Debug */,
				BF5B325C2C92E3E20063CA29 /* Release */,
			);
			defaultConfigurationIsVisible = 0;
			defaultConfigurationName = Release;
		};
/* End XCConfigurationList section */

/* Begin XCRemoteSwiftPackageReference section */
		BF25D01F2C971A5B00CB7EE8 /* XCRemoteSwiftPackageReference "Kingfisher" */ = {
			isa = XCRemoteSwiftPackageReference;
			repositoryURL = "https://github.com/onevcat/Kingfisher.git";
			requirement = {
				kind = upToNextMajorVersion;
				minimumVersion = 7.12.0;
			};
		};
		BF25D0222C971A6600CB7EE8 /* XCRemoteSwiftPackageReference "IQKeyboardManager" */ = {
			isa = XCRemoteSwiftPackageReference;
			repositoryURL = "https://github.com/hackiftekhar/IQKeyboardManager.git";
			requirement = {
				kind = upToNextMajorVersion;
				minimumVersion = 7.1.1;
			};
		};
		BF25D0252C971A7700CB7EE8 /* XCRemoteSwiftPackageReference "Alamofire" */ = {
			isa = XCRemoteSwiftPackageReference;
			repositoryURL = "https://github.com/Alamofire/Alamofire.git";
			requirement = {
				kind = upToNextMajorVersion;
				minimumVersion = 5.9.1;
			};
		};
		BF25D02A2C971ABE00CB7EE8 /* XCRemoteSwiftPackageReference "ProgressHUD" */ = {
			isa = XCRemoteSwiftPackageReference;
			repositoryURL = "https://github.com/relatedcode/ProgressHUD.git";
			requirement = {
				kind = upToNextMajorVersion;
				minimumVersion = 14.1.3;
			};
		};
/* End XCRemoteSwiftPackageReference section */

/* Begin XCSwiftPackageProductDependency section */
		BF25D0202C971A5B00CB7EE8 /* Kingfisher */ = {
			isa = XCSwiftPackageProductDependency;
			package = BF25D01F2C971A5B00CB7EE8 /* XCRemoteSwiftPackageReference "Kingfisher" */;
			productName = Kingfisher;
		};
		BF25D0232C971A6600CB7EE8 /* IQKeyboardManagerSwift */ = {
			isa = XCSwiftPackageProductDependency;
			package = BF25D0222C971A6600CB7EE8 /* XCRemoteSwiftPackageReference "IQKeyboardManager" */;
			productName = IQKeyboardManagerSwift;
		};
		BF25D0262C971A7700CB7EE8 /* Alamofire */ = {
			isa = XCSwiftPackageProductDependency;
			package = BF25D0252C971A7700CB7EE8 /* XCRemoteSwiftPackageReference "Alamofire" */;
			productName = Alamofire;
		};
		BF25D02B2C971ABE00CB7EE8 /* ProgressHUD */ = {
			isa = XCSwiftPackageProductDependency;
			package = BF25D02A2C971ABE00CB7EE8 /* XCRemoteSwiftPackageReference "ProgressHUD" */;
			productName = ProgressHUD;
		};
/* End XCSwiftPackageProductDependency section */
	};
	rootObject = BF5B32222C92E3E00063CA29 /* Project object */;
}
